// !$*UTF8*$!
{
	archiveVersion = 1;
	classes = {
	};
	objectVersion = 55;
	objects = {

/* Begin PBXBuildFile section */
		00B61BAAF24B7C76CCA33882 /* glass.caf in Resources */ = {isa = PBXBuildFile; fileRef = 486704CB61D5B7F173796986 /* glass.caf */; };
		0531E5FA1314732FB4153965 /* NavigationTab.swift in Sources */ = {isa = PBXBuildFile; fileRef = FE94715E97525D19D2CDC901 /* NavigationTab.swift */; };
		070DC31BAAF31E4CA38776FE /* AddAccountsView.swift in Sources */ = {isa = PBXBuildFile; fileRef = 84EA90130D2855FF3FA8A0C3 /* AddAccountsView.swift */; };
		0C98A70353D620EF67DE5F19 /* IconSelectorView.swift in Sources */ = {isa = PBXBuildFile; fileRef = 6DBD3E8B60FE2ECC5ACB480B /* IconSelectorView.swift */; };
		0DF3CC4FDE69E6AF21E084DE /* Conversations.xcframework in Frameworks */ = {isa = PBXBuildFile; fileRef = 443A3DD1102982363CA55EBA /* Conversations.xcframework */; };
		0F0CC0453365A6D41283E3CF /* AddRemoteTimelineView.swift in Sources */ = {isa = PBXBuildFile; fileRef = D917EF94CF8278BAEE195DDA /* AddRemoteTimelineView.swift */; };
		105F3E4AE80DD16D500C4457 /* Account.xcframework in Frameworks */ = {isa = PBXBuildFile; fileRef = 9160946A7EE13F935689419B /* Account.xcframework */; };
		10EE5FE3A7B5DE527F4C7FC0 /* Bodega.xcframework in Frameworks */ = {isa = PBXBuildFile; fileRef = 21AE27A2432B542205CC46C9 /* Bodega.xcframework */; };
		11D669A80C9EF627B4FEED7D /* RevenueCat_RevenueCat.bundle in Resources */ = {isa = PBXBuildFile; fileRef = 04FD4DE2FB4DA13436DFEB97 /* RevenueCat_RevenueCat.bundle */; };
		1314F4BEEA58776A2476A633 /* AppView.swift in Sources */ = {isa = PBXBuildFile; fileRef = 9A0193E128E72446C99215BB /* AppView.swift */; };
		1558D3BC26A4C46A19521D3E /* EmojiText.xcframework in Frameworks */ = {isa = PBXBuildFile; fileRef = 2DDF0719EBB7901DD1CEFBFF /* EmojiText.xcframework */; };
		18FC4E7FB93FC318B8C8DAAC /* EditTagGroupView.swift in Sources */ = {isa = PBXBuildFile; fileRef = D9B5B25AB093A2093D554EFA /* EditTagGroupView.swift */; };
		1CCCF341E4AD26540F6F4BC2 /* Notifications.xcframework in Frameworks */ = {isa = PBXBuildFile; fileRef = 77E7E775DA78034F59F7BF6C /* Notifications.xcframework */; };
		1D852AC73A1AC5CBCAB90E91 /* Assets.xcassets in Resources */ = {isa = PBXBuildFile; fileRef = D2E39C815BFE08A383944015 /* Assets.xcassets */; };
		1FD25E19DC3E1A9DF9EB2F43 /* RemoteTimelinesSettingView.swift in Sources */ = {isa = PBXBuildFile; fileRef = FA7F9636F4395E8F512CED35 /* RemoteTimelinesSettingView.swift */; };
		214311924041E02412C5E231 /* ToolbarTab.swift in Sources */ = {isa = PBXBuildFile; fileRef = 0FC1A228B42C1A4FBF53F6BA /* ToolbarTab.swift */; };
		22B6B825479789A22E73DD96 /* NotificationTab.swift in Sources */ = {isa = PBXBuildFile; fileRef = 72FDB1492A5DD4253C410B3D /* NotificationTab.swift */; };
		2432C95103F15E5917E3A2A0 /* InstanceInfoView.swift in Sources */ = {isa = PBXBuildFile; fileRef = DEBC568CEFF6EEA37516BA5C /* InstanceInfoView.swift */; };
		2560E27590EEBBDEC8AFC777 /* Env.xcframework in Frameworks */ = {isa = PBXBuildFile; fileRef = A95198E71553DBC5D5248291 /* Env.xcframework */; };
		2562C5B90B87B8A3B4F2BA24 /* ExploreTab.swift in Sources */ = {isa = PBXBuildFile; fileRef = C851D8913F7925D7DC092E1F /* ExploreTab.swift */; };
		28DE968D74A472B0AB9525C9 /* IceCubesApp+Menu.swift in Sources */ = {isa = PBXBuildFile; fileRef = 4A23BAA6E3AD97150F360169 /* IceCubesApp+Menu.swift */; };
		2B2CB9AE608C77A5EB37988E /* Explore.xcframework in Frameworks */ = {isa = PBXBuildFile; fileRef = CD7620A31AE256141F76D26E /* Explore.xcframework */; };
		346E9BB83778A6AA982B6B4B /* Preview Assets.xcassets in Resources */ = {isa = PBXBuildFile; fileRef = 78414979EB27CEEE71F8B9AA /* Preview Assets.xcassets */; };
		36E1625CC812EF6910DB6D42 /* Models.xcframework in Frameworks */ = {isa = PBXBuildFile; fileRef = 0A6F33B17BDD497D05C7BE20 /* Models.xcframework */; };
		370C5363E4AF47473CD4AA7E /* TimelineTab.swift in Sources */ = {isa = PBXBuildFile; fileRef = 931C06FAFC1C060564883066 /* TimelineTab.swift */; };
		373D92CE2EEB0AC8CFBFC6C6 /* TuistBundle+IceCubesApp.swift in Sources */ = {isa = PBXBuildFile; fileRef = 3629F25C6C48CE1BE050E9D6 /* TuistBundle+IceCubesApp.swift */; };
		38166E8A35DB5F3BA96A6D7E /* Atkinson-Hyperlegible-Regular-102.ttf in Resources */ = {isa = PBXBuildFile; fileRef = 5FE7402E962CBE163CB9BF87 /* Atkinson-Hyperlegible-Regular-102.ttf */; };
		41640234934F661A87E60937 /* SwiftSoup.xcframework in Frameworks */ = {isa = PBXBuildFile; fileRef = 84416212947B5001CE239F1C /* SwiftSoup.xcframework */; };
		44186B1D06436ABF05ED8163 /* IceCubesApp.swift in Sources */ = {isa = PBXBuildFile; fileRef = 7C74F6D3B4F8E13077614EF2 /* IceCubesApp.swift */; };
		44F153D804186F1438A583B1 /* AboutView.swift in Sources */ = {isa = PBXBuildFile; fileRef = B149CA2567E7F2D67B0F14A2 /* AboutView.swift */; };
		49E6F0D969873658EF1260CA /* AppRegistry.swift in Sources */ = {isa = PBXBuildFile; fileRef = 319B5355A7B3703FF80BCCBF /* AppRegistry.swift */; };
		50DD0876B032DF577C0C6EED /* pull.wav in Resources */ = {isa = PBXBuildFile; fileRef = 733A9FB6F3A10FA6D2B725A5 /* pull.wav */; };
		5C39FE6B1FCB6E1CB9BD5AB7 /* SidebarEntriesSettingsView.swift in Sources */ = {isa = PBXBuildFile; fileRef = 564E804BD1AA5CA73F3320A8 /* SidebarEntriesSettingsView.swift */; };
		5F0B00B02B3E6B8B05FC44C6 /* refresh.wav in Resources */ = {isa = PBXBuildFile; fileRef = 5DDF15D836BAC4EBE7B96C07 /* refresh.wav */; };
		5F8C18C985748EB24C5CA006 /* boost.wav in Resources */ = {isa = PBXBuildFile; fileRef = 7028FA985E04A62E86A872BC /* boost.wav */; };
		5FD133FD232EF6CCAF9888DE /* SafariRouter.swift in Sources */ = {isa = PBXBuildFile; fileRef = F94EF0BC4EB45D7B5F7D0AA1 /* SafariRouter.swift */; };
		5FE25A4EC1B5BA0D274A97C8 /* AppAccount.xcframework in Frameworks */ = {isa = PBXBuildFile; fileRef = 24A77AA8E54C7D92293DE0D6 /* AppAccount.xcframework */; };
		6189437DD13649BB1CA1F874 /* RecenTagsSettingView.swift in Sources */ = {isa = PBXBuildFile; fileRef = 8751955833413D138FA91E90 /* RecenTagsSettingView.swift */; };
		6817EC7235E04ECFD1010D17 /* NavigationSheet.swift in Sources */ = {isa = PBXBuildFile; fileRef = 8E0A7B1A89F82AB6E0C16F82 /* NavigationSheet.swift */; };
		6EF8E6320A1097BB8721E301 /* ContentSettingsView.swift in Sources */ = {isa = PBXBuildFile; fileRef = E75F38DE5023B148E1015BB4 /* ContentSettingsView.swift */; };
		714C226036CAA7D6B694B365 /* bookmark.wav in Resources */ = {isa = PBXBuildFile; fileRef = 6470EEFF3662788B692883D3 /* bookmark.wav */; };
		72946F985B43A918DCE6BD71 /* SwiftUIIntrospect.xcframework in Frameworks */ = {isa = PBXBuildFile; fileRef = 85A90745B46C04A7E53CACF6 /* SwiftUIIntrospect.xcframework */; };
		7421B50BC420E509E0ADB37E /* TuistAssets+IceCubesApp.swift in Sources */ = {isa = PBXBuildFile; fileRef = 82E99D7E6B15EA5C6B364580 /* TuistAssets+IceCubesApp.swift */; };
		79A77EB051BA742F640B0EC5 /* TuistFonts+IceCubesApp.swift in Sources */ = {isa = PBXBuildFile; fileRef = F926F226E1862E13BBB9C461 /* TuistFonts+IceCubesApp.swift */; };
		79DED10FEED981DA9CCA876F /* OpenDyslexic-Regular.otf in Resources */ = {isa = PBXBuildFile; fileRef = E48D30BC2CE852B1A34665F5 /* OpenDyslexic-Regular.otf */; };
		7AAE6424FF87185A0EEBA95A /* SwipeActionsSettingsView.swift in Sources */ = {isa = PBXBuildFile; fileRef = 1476FBD48666C63DFF9B07F8 /* SwipeActionsSettingsView.swift */; };
		80470292593C6ED0EA780556 /* CAtomic.xcframework in Frameworks */ = {isa = PBXBuildFile; fileRef = 4392734CE971C866BD0D0149 /* CAtomic.xcframework */; };
		833A120F0B6222E0A5CB4BA7 /* Lists.xcframework in Frameworks */ = {isa = PBXBuildFile; fileRef = B37E81BEF0C2AE8D20073AC7 /* Lists.xcframework */; };
		8341FED0F037DC5338A6E624 /* IceCubesApp+Scene.swift in Sources */ = {isa = PBXBuildFile; fileRef = 88098E27B029C6E37BDD6295 /* IceCubesApp+Scene.swift */; };
		86F6627D1DF683C4AD85D331 /* MessagesTab.swift in Sources */ = {isa = PBXBuildFile; fileRef = ED63E184E72928E611FC5DB9 /* MessagesTab.swift */; };
		8A8CF06814CC60625AE2AF11 /* SwiftSoup_SwiftSoup.bundle in Resources */ = {isa = PBXBuildFile; fileRef = 80CD0645CED71722CE0DC353 /* SwiftSoup_SwiftSoup.bundle */; };
		93FD1BBE8DDE7EF8239D7F58 /* cmark-gfm-extensions.xcframework in Frameworks */ = {isa = PBXBuildFile; fileRef = C573E696103F502351B569BC /* cmark-gfm-extensions.xcframework */; };
		9418F906302D532C78F373C4 /* ButtonKit.xcframework in Frameworks */ = {isa = PBXBuildFile; fileRef = 269C8CA3122A4F4CAB24439A /* ButtonKit.xcframework */; };
		948235C52B5B172F64271771 /* Tabs.swift in Sources */ = {isa = PBXBuildFile; fileRef = 25C39663E800677BDE8C8A80 /* Tabs.swift */; };
		9ABCF6C7850F979C90CA1B3E /* DesignSystem_DesignSystem.bundle in Resources */ = {isa = PBXBuildFile; fileRef = C45D5DF217B0B9F3E54D1CC1 /* DesignSystem_DesignSystem.bundle */; };
		9AF2BF94B394F50D965AE6DF /* TranslationSettingsView.swift in Sources */ = {isa = PBXBuildFile; fileRef = B93C9569DC1A1E5C2A7A89EA /* TranslationSettingsView.swift */; };
		9C9F797B85CEB7AB6578CDD6 /* Markdown.xcframework in Frameworks */ = {isa = PBXBuildFile; fileRef = A5F256AF0D236B21328D16C2 /* Markdown.xcframework */; };
		A0A6AADE0F6E3F7B219BBF0C /* StatusKit.xcframework in Frameworks */ = {isa = PBXBuildFile; fileRef = 21C7E3EFCBCC359A38D34F0E /* StatusKit.xcframework */; };
		A3A975D42657FF77798A9F84 /* SQLite.xcframework in Frameworks */ = {isa = PBXBuildFile; fileRef = 67E1A64128BE70C937DDE202 /* SQLite.xcframework */; };
		B06B63A736A4105A2BFF11C5 /* MediaUI.xcframework in Frameworks */ = {isa = PBXBuildFile; fileRef = 97114EA1854503F81AFCD88F /* MediaUI.xcframework */; };
		B09AF97D5E07E703C29BE706 /* KeychainSwift.xcframework in Frameworks */ = {isa = PBXBuildFile; fileRef = 039A432E3376EDC37CC4EEA6 /* KeychainSwift.xcframework */; };
		B4FDAAA01B39FB4C5D0FB352 /* share.wav in Resources */ = {isa = PBXBuildFile; fileRef = 9881C0932A4136257756CF51 /* share.wav */; };
		B5296D784E1D25657DAD3A9C /* DisplaySettingsView.swift in Sources */ = {isa = PBXBuildFile; fileRef = FD608FA09D557B2D99D91743 /* DisplaySettingsView.swift */; };
		B7D6BEC33D380A75697AA6D4 /* cmark-gfm.xcframework in Frameworks */ = {isa = PBXBuildFile; fileRef = 2A517151F4AB0D9A8A2EF4B0 /* cmark-gfm.xcframework */; };
		BA1F170501ACE5F278A2CA00 /* ReportView.swift in Sources */ = {isa = PBXBuildFile; fileRef = 37CDC45A9E8800C5FB33B0C8 /* ReportView.swift */; };
		BCD47A0110CF9A8CA0E9AA39 /* tootSent.wav in Resources */ = {isa = PBXBuildFile; fileRef = A05D5434D6524243429DE177 /* tootSent.wav */; };
		C0531F95EE516027AAA57D66 /* ProfileTab.swift in Sources */ = {isa = PBXBuildFile; fileRef = C04AC5F5D01ED96098AE576C /* ProfileTab.swift */; };
		C2F43B5D916D6E3C4A969B6E /* glass.wav in Resources */ = {isa = PBXBuildFile; fileRef = 246A9BD6F18E0D7BAC42C0A2 /* glass.wav */; };
		C590AF08E416AD926FAF1BD7 /* tabSelection.wav in Resources */ = {isa = PBXBuildFile; fileRef = FCD752A152AA99AF25BF23D3 /* tabSelection.wav */; };
		C5BEF7077318EED0E0B12D60 /* Timeline.xcframework in Frameworks */ = {isa = PBXBuildFile; fileRef = 9CFD85E2532D223D9385AA7E /* Timeline.xcframework */; };
		C96EB5ED4552916DCA016255 /* PushNotificationsView.swift in Sources */ = {isa = PBXBuildFile; fileRef = 1165478682C30B45973DDCB2 /* PushNotificationsView.swift */; };
		D266C6FB6FF035152AA09807 /* Network.xcframework in Frameworks */ = {isa = PBXBuildFile; fileRef = CD87FA8024648BA75E57679C /* Network.xcframework */; };
		D5E32A642050FB7F0189C6FB /* SettingsTab.swift in Sources */ = {isa = PBXBuildFile; fileRef = BBBFAEF9F313C2CF0559B07B /* SettingsTab.swift */; };
		D62EC99530EA7C0DC1D03F5B /* LRUCache.xcframework in Frameworks */ = {isa = PBXBuildFile; fileRef = 3712F03ACBA82043BA6C2643 /* LRUCache.xcframework */; };
		D6B75DB0F6ABF5209BDC923C /* NukeUI.xcframework in Frameworks */ = {isa = PBXBuildFile; fileRef = 04D6B291A52F177963DB4ECB /* NukeUI.xcframework */; };
		D8F34CB31D64382521B0C7F7 /* HapticSettingsView.swift in Sources */ = {isa = PBXBuildFile; fileRef = CED6F8169E8802E9F14EFCC6 /* HapticSettingsView.swift */; };
		DAFDD5929C7A0A2DEFEF8571 /* TagsGroupSettingView.swift in Sources */ = {isa = PBXBuildFile; fileRef = E9CC5AAC333E5F68E8513595 /* TagsGroupSettingView.swift */; };
		DED73C94AD0B9368B1716616 /* SFSafeSymbols.xcframework in Frameworks */ = {isa = PBXBuildFile; fileRef = C3E3B4E1EBACD21333D550F4 /* SFSafeSymbols.xcframework */; };
		E4748DA2A498B4E0FC351A7B /* DesignSystem.xcframework in Frameworks */ = {isa = PBXBuildFile; fileRef = FFC44946F265F12A65186852 /* DesignSystem.xcframework */; };
		E772A0518B0AA59335DC3AB9 /* SupportAppView.swift in Sources */ = {isa = PBXBuildFile; fileRef = 9A5D4A1D6A65A5A4576813A7 /* SupportAppView.swift */; };
		E7BF69691800FECD1715BB81 /* SideBarView.swift in Sources */ = {isa = PBXBuildFile; fileRef = 4C5A1F0D02AF5F4D723E49AE /* SideBarView.swift */; };
		E803177D8E7E585E042DDE63 /* TabbarEntriesSettingsView.swift in Sources */ = {isa = PBXBuildFile; fileRef = 0ED7C76F1A2FD6727275F7A3 /* TabbarEntriesSettingsView.swift */; };
		EA0A8D40CF58CA0B1923540D /* RevenueCat.xcframework in Frameworks */ = {isa = PBXBuildFile; fileRef = 25EC0371CD4EB03D023E49DF /* RevenueCat.xcframework */; };
		F1550DC03C89E54D12DF8AE4 /* AccountSettingView.swift in Sources */ = {isa = PBXBuildFile; fileRef = 21D3E86854A52F84D2ABA50E /* AccountSettingView.swift */; };
		F77FA4DF72BADD10CDBAF519 /* Nuke.xcframework in Frameworks */ = {isa = PBXBuildFile; fileRef = BDBF7F7174CBDDE1C55C885F /* Nuke.xcframework */; };
		FF730A94DBF774315578D8CE /* favorite.wav in Resources */ = {isa = PBXBuildFile; fileRef = 5602922659F3FDB616ED92C8 /* favorite.wav */; };
/* End PBXBuildFile section */

/* Begin PBXCopyFilesBuildPhase section */
		235EA327880E43CE55508878 /* Embed Frameworks */ = {
			isa = PBXCopyFilesBuildPhase;
			buildActionMask = 2147483647;
			dstPath = "";
			dstSubfolderSpec = 10;
			files = (
			);
			name = "Embed Frameworks";
			runOnlyForDeploymentPostprocessing = 0;
		};
/* End PBXCopyFilesBuildPhase section */

/* Begin PBXFileReference section */
		039A432E3376EDC37CC4EEA6 /* KeychainSwift.xcframework */ = {isa = PBXFileReference; lastKnownFileType = wrapper.xcframework; name = KeychainSwift.xcframework; path = "/Users/marekfort/.cache/tuist-cloud/BinaryCache/f75dddafaedcbc682e2efd62bc66adbe/KeychainSwift.xcframework"; sourceTree = "<absolute>"; };
		04D6B291A52F177963DB4ECB /* NukeUI.xcframework */ = {isa = PBXFileReference; lastKnownFileType = wrapper.xcframework; name = NukeUI.xcframework; path = "/Users/marekfort/.cache/tuist-cloud/BinaryCache/bc8fa72e669197cc6e474f72eadac639/NukeUI.xcframework"; sourceTree = "<absolute>"; };
		04FD4DE2FB4DA13436DFEB97 /* RevenueCat_RevenueCat.bundle */ = {isa = PBXFileReference; lastKnownFileType = wrapper.cfbundle; name = RevenueCat_RevenueCat.bundle; path = "/Users/marekfort/.cache/tuist-cloud/BinaryCache/e34e7ffcae7b2c970a0cc5f8b1a9103c/RevenueCat_RevenueCat.bundle"; sourceTree = "<absolute>"; };
		0A6F33B17BDD497D05C7BE20 /* Models.xcframework */ = {isa = PBXFileReference; lastKnownFileType = wrapper.xcframework; name = Models.xcframework; path = "/Users/marekfort/.cache/tuist-cloud/BinaryCache/ca6c1fa9adfd684f3d1f5ec7cd148958/Models.xcframework"; sourceTree = "<absolute>"; };
		0ED7C76F1A2FD6727275F7A3 /* TabbarEntriesSettingsView.swift */ = {isa = PBXFileReference; lastKnownFileType = sourcecode.swift; path = TabbarEntriesSettingsView.swift; sourceTree = "<group>"; };
		0FC1A228B42C1A4FBF53F6BA /* ToolbarTab.swift */ = {isa = PBXFileReference; lastKnownFileType = sourcecode.swift; path = ToolbarTab.swift; sourceTree = "<group>"; };
		1165478682C30B45973DDCB2 /* PushNotificationsView.swift */ = {isa = PBXFileReference; lastKnownFileType = sourcecode.swift; path = PushNotificationsView.swift; sourceTree = "<group>"; };
		1476FBD48666C63DFF9B07F8 /* SwipeActionsSettingsView.swift */ = {isa = PBXFileReference; lastKnownFileType = sourcecode.swift; path = SwipeActionsSettingsView.swift; sourceTree = "<group>"; };
		21AE27A2432B542205CC46C9 /* Bodega.xcframework */ = {isa = PBXFileReference; lastKnownFileType = wrapper.xcframework; name = Bodega.xcframework; path = "/Users/marekfort/.cache/tuist-cloud/BinaryCache/cc8b9bc84ba3356a8b1d9f79abbd68d9/Bodega.xcframework"; sourceTree = "<absolute>"; };
		21C7E3EFCBCC359A38D34F0E /* StatusKit.xcframework */ = {isa = PBXFileReference; lastKnownFileType = wrapper.xcframework; name = StatusKit.xcframework; path = "/Users/marekfort/.cache/tuist-cloud/BinaryCache/2aae2ac3de0bd610b76a15ed3352cbf1/StatusKit.xcframework"; sourceTree = "<absolute>"; };
		21D3E86854A52F84D2ABA50E /* AccountSettingView.swift */ = {isa = PBXFileReference; lastKnownFileType = sourcecode.swift; path = AccountSettingView.swift; sourceTree = "<group>"; };
		246A9BD6F18E0D7BAC42C0A2 /* glass.wav */ = {isa = PBXFileReference; lastKnownFileType = audio.wav; path = glass.wav; sourceTree = "<group>"; };
		24A77AA8E54C7D92293DE0D6 /* AppAccount.xcframework */ = {isa = PBXFileReference; lastKnownFileType = wrapper.xcframework; name = AppAccount.xcframework; path = "/Users/marekfort/.cache/tuist-cloud/BinaryCache/64a04d29198427c67d64fdb9e1f2241d/AppAccount.xcframework"; sourceTree = "<absolute>"; };
		25C39663E800677BDE8C8A80 /* Tabs.swift */ = {isa = PBXFileReference; lastKnownFileType = sourcecode.swift; path = Tabs.swift; sourceTree = "<group>"; };
		25EC0371CD4EB03D023E49DF /* RevenueCat.xcframework */ = {isa = PBXFileReference; lastKnownFileType = wrapper.xcframework; name = RevenueCat.xcframework; path = "/Users/marekfort/.cache/tuist-cloud/BinaryCache/cd418fe078596d9dbbf126602ff01e03/RevenueCat.xcframework"; sourceTree = "<absolute>"; };
		269C8CA3122A4F4CAB24439A /* ButtonKit.xcframework */ = {isa = PBXFileReference; lastKnownFileType = wrapper.xcframework; name = ButtonKit.xcframework; path = "/Users/marekfort/.cache/tuist-cloud/BinaryCache/b799fa7c7b2b5e54be92c3e47e003d4a/ButtonKit.xcframework"; sourceTree = "<absolute>"; };
		2A517151F4AB0D9A8A2EF4B0 /* cmark-gfm.xcframework */ = {isa = PBXFileReference; lastKnownFileType = wrapper.xcframework; name = "cmark-gfm.xcframework"; path = "/Users/marekfort/.cache/tuist-cloud/BinaryCache/6e40e01a8c8d8fbd983d150ea2f29e8d/cmark-gfm.xcframework"; sourceTree = "<absolute>"; };
		2DDF0719EBB7901DD1CEFBFF /* EmojiText.xcframework */ = {isa = PBXFileReference; lastKnownFileType = wrapper.xcframework; name = EmojiText.xcframework; path = "/Users/marekfort/.cache/tuist-cloud/BinaryCache/f43de2793b5e4f287704bd9a54c7977d/EmojiText.xcframework"; sourceTree = "<absolute>"; };
		319B5355A7B3703FF80BCCBF /* AppRegistry.swift */ = {isa = PBXFileReference; lastKnownFileType = sourcecode.swift; path = AppRegistry.swift; sourceTree = "<group>"; };
		33BBD74590FC341653DF3BBB /* IceCubesApp.app */ = {isa = PBXFileReference; explicitFileType = wrapper.application; includeInIndex = 0; path = IceCubesApp.app; sourceTree = BUILT_PRODUCTS_DIR; };
		3629F25C6C48CE1BE050E9D6 /* TuistBundle+IceCubesApp.swift */ = {isa = PBXFileReference; lastKnownFileType = sourcecode.swift; path = "TuistBundle+IceCubesApp.swift"; sourceTree = "<group>"; };
		3712F03ACBA82043BA6C2643 /* LRUCache.xcframework */ = {isa = PBXFileReference; lastKnownFileType = wrapper.xcframework; name = LRUCache.xcframework; path = "/Users/marekfort/.cache/tuist-cloud/BinaryCache/695cf44f42e234daefbffc2761f44b07/LRUCache.xcframework"; sourceTree = "<absolute>"; };
		37CDC45A9E8800C5FB33B0C8 /* ReportView.swift */ = {isa = PBXFileReference; lastKnownFileType = sourcecode.swift; path = ReportView.swift; sourceTree = "<group>"; };
		4392734CE971C866BD0D0149 /* CAtomic.xcframework */ = {isa = PBXFileReference; lastKnownFileType = wrapper.xcframework; name = CAtomic.xcframework; path = "/Users/marekfort/.cache/tuist-cloud/BinaryCache/fda5284462b2012bfaf3578894272384/CAtomic.xcframework"; sourceTree = "<absolute>"; };
		443A3DD1102982363CA55EBA /* Conversations.xcframework */ = {isa = PBXFileReference; lastKnownFileType = wrapper.xcframework; name = Conversations.xcframework; path = "/Users/marekfort/.cache/tuist-cloud/BinaryCache/c4eaf9ed1e70bd69bbebcad85982a95d/Conversations.xcframework"; sourceTree = "<absolute>"; };
		486704CB61D5B7F173796986 /* glass.caf */ = {isa = PBXFileReference; path = glass.caf; sourceTree = "<group>"; };
		4A23BAA6E3AD97150F360169 /* IceCubesApp+Menu.swift */ = {isa = PBXFileReference; lastKnownFileType = sourcecode.swift; path = "IceCubesApp+Menu.swift"; sourceTree = "<group>"; };
		4C5A1F0D02AF5F4D723E49AE /* SideBarView.swift */ = {isa = PBXFileReference; lastKnownFileType = sourcecode.swift; path = SideBarView.swift; sourceTree = "<group>"; };
		5602922659F3FDB616ED92C8 /* favorite.wav */ = {isa = PBXFileReference; lastKnownFileType = audio.wav; path = favorite.wav; sourceTree = "<group>"; };
		564E804BD1AA5CA73F3320A8 /* SidebarEntriesSettingsView.swift */ = {isa = PBXFileReference; lastKnownFileType = sourcecode.swift; path = SidebarEntriesSettingsView.swift; sourceTree = "<group>"; };
		5DDF15D836BAC4EBE7B96C07 /* refresh.wav */ = {isa = PBXFileReference; lastKnownFileType = audio.wav; path = refresh.wav; sourceTree = "<group>"; };
		5FE7402E962CBE163CB9BF87 /* Atkinson-Hyperlegible-Regular-102.ttf */ = {isa = PBXFileReference; lastKnownFileType = file; path = "Atkinson-Hyperlegible-Regular-102.ttf"; sourceTree = "<group>"; };
		6470EEFF3662788B692883D3 /* bookmark.wav */ = {isa = PBXFileReference; lastKnownFileType = audio.wav; path = bookmark.wav; sourceTree = "<group>"; };
		67E1A64128BE70C937DDE202 /* SQLite.xcframework */ = {isa = PBXFileReference; lastKnownFileType = wrapper.xcframework; name = SQLite.xcframework; path = "/Users/marekfort/.cache/tuist-cloud/BinaryCache/b796ba95d94cae848b7ead210cf8335c/SQLite.xcframework"; sourceTree = "<absolute>"; };
		6DBD3E8B60FE2ECC5ACB480B /* IconSelectorView.swift */ = {isa = PBXFileReference; lastKnownFileType = sourcecode.swift; path = IconSelectorView.swift; sourceTree = "<group>"; };
		7028FA985E04A62E86A872BC /* boost.wav */ = {isa = PBXFileReference; lastKnownFileType = audio.wav; path = boost.wav; sourceTree = "<group>"; };
		72FDB1492A5DD4253C410B3D /* NotificationTab.swift */ = {isa = PBXFileReference; lastKnownFileType = sourcecode.swift; path = NotificationTab.swift; sourceTree = "<group>"; };
		733A9FB6F3A10FA6D2B725A5 /* pull.wav */ = {isa = PBXFileReference; lastKnownFileType = audio.wav; path = pull.wav; sourceTree = "<group>"; };
		77E7E775DA78034F59F7BF6C /* Notifications.xcframework */ = {isa = PBXFileReference; lastKnownFileType = wrapper.xcframework; name = Notifications.xcframework; path = "/Users/marekfort/.cache/tuist-cloud/BinaryCache/6e416db5a49ebed0cc2ef9b87893ad3e/Notifications.xcframework"; sourceTree = "<absolute>"; };
		78414979EB27CEEE71F8B9AA /* Preview Assets.xcassets */ = {isa = PBXFileReference; lastKnownFileType = folder.assetcatalog; path = "Preview Assets.xcassets"; sourceTree = "<group>"; };
		7C74F6D3B4F8E13077614EF2 /* IceCubesApp.swift */ = {isa = PBXFileReference; lastKnownFileType = sourcecode.swift; path = IceCubesApp.swift; sourceTree = "<group>"; };
		80CD0645CED71722CE0DC353 /* SwiftSoup_SwiftSoup.bundle */ = {isa = PBXFileReference; lastKnownFileType = wrapper.cfbundle; name = SwiftSoup_SwiftSoup.bundle; path = "/Users/marekfort/.cache/tuist-cloud/BinaryCache/d71290e0d68780e05d9ee7915a86bf1c/SwiftSoup_SwiftSoup.bundle"; sourceTree = "<absolute>"; };
		82E99D7E6B15EA5C6B364580 /* TuistAssets+IceCubesApp.swift */ = {isa = PBXFileReference; lastKnownFileType = sourcecode.swift; path = "TuistAssets+IceCubesApp.swift"; sourceTree = "<group>"; };
		84416212947B5001CE239F1C /* SwiftSoup.xcframework */ = {isa = PBXFileReference; lastKnownFileType = wrapper.xcframework; name = SwiftSoup.xcframework; path = "/Users/marekfort/.cache/tuist-cloud/BinaryCache/b1907816b431d13303698746feced236/SwiftSoup.xcframework"; sourceTree = "<absolute>"; };
		84EA90130D2855FF3FA8A0C3 /* AddAccountsView.swift */ = {isa = PBXFileReference; lastKnownFileType = sourcecode.swift; path = AddAccountsView.swift; sourceTree = "<group>"; };
		85A90745B46C04A7E53CACF6 /* SwiftUIIntrospect.xcframework */ = {isa = PBXFileReference; lastKnownFileType = wrapper.xcframework; name = SwiftUIIntrospect.xcframework; path = "/Users/marekfort/.cache/tuist-cloud/BinaryCache/d3fb125be11d40868376b791daec9908/SwiftUIIntrospect.xcframework"; sourceTree = "<absolute>"; };
		8751955833413D138FA91E90 /* RecenTagsSettingView.swift */ = {isa = PBXFileReference; lastKnownFileType = sourcecode.swift; path = RecenTagsSettingView.swift; sourceTree = "<group>"; };
		88098E27B029C6E37BDD6295 /* IceCubesApp+Scene.swift */ = {isa = PBXFileReference; lastKnownFileType = sourcecode.swift; path = "IceCubesApp+Scene.swift"; sourceTree = "<group>"; };
		8E0A7B1A89F82AB6E0C16F82 /* NavigationSheet.swift */ = {isa = PBXFileReference; lastKnownFileType = sourcecode.swift; path = NavigationSheet.swift; sourceTree = "<group>"; };
		9160946A7EE13F935689419B /* Account.xcframework */ = {isa = PBXFileReference; lastKnownFileType = wrapper.xcframework; name = Account.xcframework; path = "/Users/marekfort/.cache/tuist-cloud/BinaryCache/2b6ccf3e0e3c9692cfff4192b2bdf3eb/Account.xcframework"; sourceTree = "<absolute>"; };
		931C06FAFC1C060564883066 /* TimelineTab.swift */ = {isa = PBXFileReference; lastKnownFileType = sourcecode.swift; path = TimelineTab.swift; sourceTree = "<group>"; };
		97114EA1854503F81AFCD88F /* MediaUI.xcframework */ = {isa = PBXFileReference; lastKnownFileType = wrapper.xcframework; name = MediaUI.xcframework; path = "/Users/marekfort/.cache/tuist-cloud/BinaryCache/989d27528c611100daf81f2576c3a3cb/MediaUI.xcframework"; sourceTree = "<absolute>"; };
		9881C0932A4136257756CF51 /* share.wav */ = {isa = PBXFileReference; lastKnownFileType = audio.wav; path = share.wav; sourceTree = "<group>"; };
		9A0193E128E72446C99215BB /* AppView.swift */ = {isa = PBXFileReference; lastKnownFileType = sourcecode.swift; path = AppView.swift; sourceTree = "<group>"; };
		9A5D4A1D6A65A5A4576813A7 /* SupportAppView.swift */ = {isa = PBXFileReference; lastKnownFileType = sourcecode.swift; path = SupportAppView.swift; sourceTree = "<group>"; };
		9CFD85E2532D223D9385AA7E /* Timeline.xcframework */ = {isa = PBXFileReference; lastKnownFileType = wrapper.xcframework; name = Timeline.xcframework; path = "/Users/marekfort/.cache/tuist-cloud/BinaryCache/07a2082bd0aadd8bff52f151af0be747/Timeline.xcframework"; sourceTree = "<absolute>"; };
		A05D5434D6524243429DE177 /* tootSent.wav */ = {isa = PBXFileReference; lastKnownFileType = audio.wav; path = tootSent.wav; sourceTree = "<group>"; };
		A108056DBE6E062271F74B2A /* IceCubesApp-Info.plist */ = {isa = PBXFileReference; lastKnownFileType = text.plist; path = "IceCubesApp-Info.plist"; sourceTree = "<group>"; };
		A5F256AF0D236B21328D16C2 /* Markdown.xcframework */ = {isa = PBXFileReference; lastKnownFileType = wrapper.xcframework; name = Markdown.xcframework; path = "/Users/marekfort/.cache/tuist-cloud/BinaryCache/3555719b03f85a51c33ec2822fe26e92/Markdown.xcframework"; sourceTree = "<absolute>"; };
		A95198E71553DBC5D5248291 /* Env.xcframework */ = {isa = PBXFileReference; lastKnownFileType = wrapper.xcframework; name = Env.xcframework; path = "/Users/marekfort/.cache/tuist-cloud/BinaryCache/fe5d3dcfceccb52465668f9ff8eb821f/Env.xcframework"; sourceTree = "<absolute>"; };
		B149CA2567E7F2D67B0F14A2 /* AboutView.swift */ = {isa = PBXFileReference; lastKnownFileType = sourcecode.swift; path = AboutView.swift; sourceTree = "<group>"; };
		B37E81BEF0C2AE8D20073AC7 /* Lists.xcframework */ = {isa = PBXFileReference; lastKnownFileType = wrapper.xcframework; name = Lists.xcframework; path = "/Users/marekfort/.cache/tuist-cloud/BinaryCache/1c12adaf300955cd1518f76a42b3adda/Lists.xcframework"; sourceTree = "<absolute>"; };
		B93C9569DC1A1E5C2A7A89EA /* TranslationSettingsView.swift */ = {isa = PBXFileReference; lastKnownFileType = sourcecode.swift; path = TranslationSettingsView.swift; sourceTree = "<group>"; };
		BBBFAEF9F313C2CF0559B07B /* SettingsTab.swift */ = {isa = PBXFileReference; lastKnownFileType = sourcecode.swift; path = SettingsTab.swift; sourceTree = "<group>"; };
		BDBF7F7174CBDDE1C55C885F /* Nuke.xcframework */ = {isa = PBXFileReference; lastKnownFileType = wrapper.xcframework; name = Nuke.xcframework; path = "/Users/marekfort/.cache/tuist-cloud/BinaryCache/33a8eb44982792fee29cbd84b1f3e143/Nuke.xcframework"; sourceTree = "<absolute>"; };
		C04AC5F5D01ED96098AE576C /* ProfileTab.swift */ = {isa = PBXFileReference; lastKnownFileType = sourcecode.swift; path = ProfileTab.swift; sourceTree = "<group>"; };
		C3E3B4E1EBACD21333D550F4 /* SFSafeSymbols.xcframework */ = {isa = PBXFileReference; lastKnownFileType = wrapper.xcframework; name = SFSafeSymbols.xcframework; path = "/Users/marekfort/.cache/tuist-cloud/BinaryCache/9a940c09ad9b2210b7915eafdafb5c3c/SFSafeSymbols.xcframework"; sourceTree = "<absolute>"; };
		C45D5DF217B0B9F3E54D1CC1 /* DesignSystem_DesignSystem.bundle */ = {isa = PBXFileReference; lastKnownFileType = wrapper.cfbundle; name = DesignSystem_DesignSystem.bundle; path = "/Users/marekfort/.cache/tuist-cloud/BinaryCache/132e47a202e2b14b033416d80065c5c7/DesignSystem_DesignSystem.bundle"; sourceTree = "<absolute>"; };
		C573E696103F502351B569BC /* cmark-gfm-extensions.xcframework */ = {isa = PBXFileReference; lastKnownFileType = wrapper.xcframework; name = "cmark-gfm-extensions.xcframework"; path = "/Users/marekfort/.cache/tuist-cloud/BinaryCache/b4f02f972387dbaa658de82445828a43/cmark-gfm-extensions.xcframework"; sourceTree = "<absolute>"; };
		C851D8913F7925D7DC092E1F /* ExploreTab.swift */ = {isa = PBXFileReference; lastKnownFileType = sourcecode.swift; path = ExploreTab.swift; sourceTree = "<group>"; };
		CD7620A31AE256141F76D26E /* Explore.xcframework */ = {isa = PBXFileReference; lastKnownFileType = wrapper.xcframework; name = Explore.xcframework; path = "/Users/marekfort/.cache/tuist-cloud/BinaryCache/f5c3525b82ec725d5b8314c58a09293f/Explore.xcframework"; sourceTree = "<absolute>"; };
		CD87FA8024648BA75E57679C /* Network.xcframework */ = {isa = PBXFileReference; lastKnownFileType = wrapper.xcframework; name = Network.xcframework; path = "/Users/marekfort/.cache/tuist-cloud/BinaryCache/af05cdc90ca3ebdf211cc270a5da7fac/Network.xcframework"; sourceTree = "<absolute>"; };
		CED6F8169E8802E9F14EFCC6 /* HapticSettingsView.swift */ = {isa = PBXFileReference; lastKnownFileType = sourcecode.swift; path = HapticSettingsView.swift; sourceTree = "<group>"; };
		D2E39C815BFE08A383944015 /* Assets.xcassets */ = {isa = PBXFileReference; lastKnownFileType = folder.assetcatalog; path = Assets.xcassets; sourceTree = "<group>"; };
		D917EF94CF8278BAEE195DDA /* AddRemoteTimelineView.swift */ = {isa = PBXFileReference; lastKnownFileType = sourcecode.swift; path = AddRemoteTimelineView.swift; sourceTree = "<group>"; };
		D9B5B25AB093A2093D554EFA /* EditTagGroupView.swift */ = {isa = PBXFileReference; lastKnownFileType = sourcecode.swift; path = EditTagGroupView.swift; sourceTree = "<group>"; };
		DEBC568CEFF6EEA37516BA5C /* InstanceInfoView.swift */ = {isa = PBXFileReference; lastKnownFileType = sourcecode.swift; path = InstanceInfoView.swift; sourceTree = "<group>"; };
		E48D30BC2CE852B1A34665F5 /* OpenDyslexic-Regular.otf */ = {isa = PBXFileReference; lastKnownFileType = file; path = "OpenDyslexic-Regular.otf"; sourceTree = "<group>"; };
		E75F38DE5023B148E1015BB4 /* ContentSettingsView.swift */ = {isa = PBXFileReference; lastKnownFileType = sourcecode.swift; path = ContentSettingsView.swift; sourceTree = "<group>"; };
		E9CC5AAC333E5F68E8513595 /* TagsGroupSettingView.swift */ = {isa = PBXFileReference; lastKnownFileType = sourcecode.swift; path = TagsGroupSettingView.swift; sourceTree = "<group>"; };
		ED63E184E72928E611FC5DB9 /* MessagesTab.swift */ = {isa = PBXFileReference; lastKnownFileType = sourcecode.swift; path = MessagesTab.swift; sourceTree = "<group>"; };
		F926F226E1862E13BBB9C461 /* TuistFonts+IceCubesApp.swift */ = {isa = PBXFileReference; lastKnownFileType = sourcecode.swift; path = "TuistFonts+IceCubesApp.swift"; sourceTree = "<group>"; };
		F94EF0BC4EB45D7B5F7D0AA1 /* SafariRouter.swift */ = {isa = PBXFileReference; lastKnownFileType = sourcecode.swift; path = SafariRouter.swift; sourceTree = "<group>"; };
		FA7F9636F4395E8F512CED35 /* RemoteTimelinesSettingView.swift */ = {isa = PBXFileReference; lastKnownFileType = sourcecode.swift; path = RemoteTimelinesSettingView.swift; sourceTree = "<group>"; };
		FCD752A152AA99AF25BF23D3 /* tabSelection.wav */ = {isa = PBXFileReference; lastKnownFileType = audio.wav; path = tabSelection.wav; sourceTree = "<group>"; };
		FD608FA09D557B2D99D91743 /* DisplaySettingsView.swift */ = {isa = PBXFileReference; lastKnownFileType = sourcecode.swift; path = DisplaySettingsView.swift; sourceTree = "<group>"; };
		FE94715E97525D19D2CDC901 /* NavigationTab.swift */ = {isa = PBXFileReference; lastKnownFileType = sourcecode.swift; path = NavigationTab.swift; sourceTree = "<group>"; };
		FFC44946F265F12A65186852 /* DesignSystem.xcframework */ = {isa = PBXFileReference; lastKnownFileType = wrapper.xcframework; name = DesignSystem.xcframework; path = "/Users/marekfort/.cache/tuist-cloud/BinaryCache/9245b736f503d52b4117594e13fe9247/DesignSystem.xcframework"; sourceTree = "<absolute>"; };
/* End PBXFileReference section */

/* Begin PBXFrameworksBuildPhase section */
		8758C89D1EF4A4EC4CCEEE50 /* Frameworks */ = {
			isa = PBXFrameworksBuildPhase;
			buildActionMask = 2147483647;
			files = (
				C5BEF7077318EED0E0B12D60 /* Timeline.xcframework in Frameworks */,
				833A120F0B6222E0A5CB4BA7 /* Lists.xcframework in Frameworks */,
				A0A6AADE0F6E3F7B219BBF0C /* StatusKit.xcframework in Frameworks */,
				105F3E4AE80DD16D500C4457 /* Account.xcframework in Frameworks */,
				F77FA4DF72BADD10CDBAF519 /* Nuke.xcframework in Frameworks */,
				9C9F797B85CEB7AB6578CDD6 /* Markdown.xcframework in Frameworks */,
				5FE25A4EC1B5BA0D274A97C8 /* AppAccount.xcframework in Frameworks */,
				D62EC99530EA7C0DC1D03F5B /* LRUCache.xcframework in Frameworks */,
				B7D6BEC33D380A75697AA6D4 /* cmark-gfm.xcframework in Frameworks */,
				1CCCF341E4AD26540F6F4BC2 /* Notifications.xcframework in Frameworks */,
				E4748DA2A498B4E0FC351A7B /* DesignSystem.xcframework in Frameworks */,
				B06B63A736A4105A2BFF11C5 /* MediaUI.xcframework in Frameworks */,
				DED73C94AD0B9368B1716616 /* SFSafeSymbols.xcframework in Frameworks */,
				D266C6FB6FF035152AA09807 /* Network.xcframework in Frameworks */,
				41640234934F661A87E60937 /* SwiftSoup.xcframework in Frameworks */,
				93FD1BBE8DDE7EF8239D7F58 /* cmark-gfm-extensions.xcframework in Frameworks */,
				A3A975D42657FF77798A9F84 /* SQLite.xcframework in Frameworks */,
				9418F906302D532C78F373C4 /* ButtonKit.xcframework in Frameworks */,
				D6B75DB0F6ABF5209BDC923C /* NukeUI.xcframework in Frameworks */,
				0DF3CC4FDE69E6AF21E084DE /* Conversations.xcframework in Frameworks */,
				36E1625CC812EF6910DB6D42 /* Models.xcframework in Frameworks */,
				10EE5FE3A7B5DE527F4C7FC0 /* Bodega.xcframework in Frameworks */,
				EA0A8D40CF58CA0B1923540D /* RevenueCat.xcframework in Frameworks */,
				72946F985B43A918DCE6BD71 /* SwiftUIIntrospect.xcframework in Frameworks */,
				1558D3BC26A4C46A19521D3E /* EmojiText.xcframework in Frameworks */,
				2B2CB9AE608C77A5EB37988E /* Explore.xcframework in Frameworks */,
				B09AF97D5E07E703C29BE706 /* KeychainSwift.xcframework in Frameworks */,
				80470292593C6ED0EA780556 /* CAtomic.xcframework in Frameworks */,
				2560E27590EEBBDEC8AFC777 /* Env.xcframework in Frameworks */,
			);
			runOnlyForDeploymentPostprocessing = 0;
		};
/* End PBXFrameworksBuildPhase section */

/* Begin PBXGroup section */
		0E0555F56589A1DFBBE3ECCC /* Embeds */ = {
			isa = PBXGroup;
			children = (
				5FE7402E962CBE163CB9BF87 /* Atkinson-Hyperlegible-Regular-102.ttf */,
				6470EEFF3662788B692883D3 /* bookmark.wav */,
				7028FA985E04A62E86A872BC /* boost.wav */,
				5602922659F3FDB616ED92C8 /* favorite.wav */,
				486704CB61D5B7F173796986 /* glass.caf */,
				246A9BD6F18E0D7BAC42C0A2 /* glass.wav */,
				E48D30BC2CE852B1A34665F5 /* OpenDyslexic-Regular.otf */,
				733A9FB6F3A10FA6D2B725A5 /* pull.wav */,
				5DDF15D836BAC4EBE7B96C07 /* refresh.wav */,
				9881C0932A4136257756CF51 /* share.wav */,
				FCD752A152AA99AF25BF23D3 /* tabSelection.wav */,
				A05D5434D6524243429DE177 /* tootSent.wav */,
			);
			path = Embeds;
			sourceTree = "<group>";
		};
		2388B66FE931061D77AC6B72 /* Resources */ = {
			isa = PBXGroup;
			children = (
				78414979EB27CEEE71F8B9AA /* Preview Assets.xcassets */,
			);
			path = Resources;
			sourceTree = "<group>";
		};
		28E10ACE0486136A74C73BE8 /* TagGroup */ = {
			isa = PBXGroup;
			children = (
				D9B5B25AB093A2093D554EFA /* EditTagGroupView.swift */,
			);
			path = TagGroup;
			sourceTree = "<group>";
		};
		363B0505C001FEA2825A532A /* Sources */ = {
			isa = PBXGroup;
			children = (
				82E99D7E6B15EA5C6B364580 /* TuistAssets+IceCubesApp.swift */,
				3629F25C6C48CE1BE050E9D6 /* TuistBundle+IceCubesApp.swift */,
				F926F226E1862E13BBB9C461 /* TuistFonts+IceCubesApp.swift */,
			);
			path = Sources;
			sourceTree = "<group>";
		};
		374C34F6996B90F452310E4B /* Timeline */ = {
			isa = PBXGroup;
			children = (
				D917EF94CF8278BAEE195DDA /* AddRemoteTimelineView.swift */,
				931C06FAFC1C060564883066 /* TimelineTab.swift */,
			);
			path = Timeline;
			sourceTree = "<group>";
		};
		52EE82373C4C88E3188F6EF7 = {
			isa = PBXGroup;
			children = (
				C95024307AD4145E9EA642A5 /* Project */,
				893F7095BF624BBACC96A818 /* Frameworks */,
				DE0E59E7619ABB0279FC56EB /* Products */,
			);
			sourceTree = "<group>";
		};
		6577E2857275A0ED26E3E9C1 /* Main */ = {
			isa = PBXGroup;
			children = (
				9A0193E128E72446C99215BB /* AppView.swift */,
				7C74F6D3B4F8E13077614EF2 /* IceCubesApp.swift */,
				4A23BAA6E3AD97150F360169 /* IceCubesApp+Menu.swift */,
				88098E27B029C6E37BDD6295 /* IceCubesApp+Scene.swift */,
			);
			path = Main;
			sourceTree = "<group>";
		};
		6B1E6E400FDA97064FA96C74 /* InfoPlists */ = {
			isa = PBXGroup;
			children = (
				A108056DBE6E062271F74B2A /* IceCubesApp-Info.plist */,
			);
			path = InfoPlists;
			sourceTree = "<group>";
		};
		7C698084FEFDDE139F36691B /* Report */ = {
			isa = PBXGroup;
			children = (
				37CDC45A9E8800C5FB33B0C8 /* ReportView.swift */,
			);
			path = Report;
			sourceTree = "<group>";
		};
		893F7095BF624BBACC96A818 /* Frameworks */ = {
			isa = PBXGroup;
			children = (
				9160946A7EE13F935689419B /* Account.xcframework */,
				24A77AA8E54C7D92293DE0D6 /* AppAccount.xcframework */,
				21AE27A2432B542205CC46C9 /* Bodega.xcframework */,
				269C8CA3122A4F4CAB24439A /* ButtonKit.xcframework */,
				4392734CE971C866BD0D0149 /* CAtomic.xcframework */,
				C573E696103F502351B569BC /* cmark-gfm-extensions.xcframework */,
				2A517151F4AB0D9A8A2EF4B0 /* cmark-gfm.xcframework */,
				443A3DD1102982363CA55EBA /* Conversations.xcframework */,
				C45D5DF217B0B9F3E54D1CC1 /* DesignSystem_DesignSystem.bundle */,
				FFC44946F265F12A65186852 /* DesignSystem.xcframework */,
				2DDF0719EBB7901DD1CEFBFF /* EmojiText.xcframework */,
				A95198E71553DBC5D5248291 /* Env.xcframework */,
				CD7620A31AE256141F76D26E /* Explore.xcframework */,
				039A432E3376EDC37CC4EEA6 /* KeychainSwift.xcframework */,
				B37E81BEF0C2AE8D20073AC7 /* Lists.xcframework */,
				3712F03ACBA82043BA6C2643 /* LRUCache.xcframework */,
				A5F256AF0D236B21328D16C2 /* Markdown.xcframework */,
				97114EA1854503F81AFCD88F /* MediaUI.xcframework */,
				0A6F33B17BDD497D05C7BE20 /* Models.xcframework */,
				CD87FA8024648BA75E57679C /* Network.xcframework */,
				77E7E775DA78034F59F7BF6C /* Notifications.xcframework */,
				BDBF7F7174CBDDE1C55C885F /* Nuke.xcframework */,
				04D6B291A52F177963DB4ECB /* NukeUI.xcframework */,
				04FD4DE2FB4DA13436DFEB97 /* RevenueCat_RevenueCat.bundle */,
				25EC0371CD4EB03D023E49DF /* RevenueCat.xcframework */,
				C3E3B4E1EBACD21333D550F4 /* SFSafeSymbols.xcframework */,
				67E1A64128BE70C937DDE202 /* SQLite.xcframework */,
				21C7E3EFCBCC359A38D34F0E /* StatusKit.xcframework */,
				80CD0645CED71722CE0DC353 /* SwiftSoup_SwiftSoup.bundle */,
				84416212947B5001CE239F1C /* SwiftSoup.xcframework */,
				85A90745B46C04A7E53CACF6 /* SwiftUIIntrospect.xcframework */,
				9CFD85E2532D223D9385AA7E /* Timeline.xcframework */,
			);
			name = Frameworks;
			sourceTree = "<group>";
		};
		A086DB6BA1C524FD74DD4A3C /* Settings */ = {
			isa = PBXGroup;
			children = (
				B149CA2567E7F2D67B0F14A2 /* AboutView.swift */,
				21D3E86854A52F84D2ABA50E /* AccountSettingView.swift */,
				84EA90130D2855FF3FA8A0C3 /* AddAccountsView.swift */,
				E75F38DE5023B148E1015BB4 /* ContentSettingsView.swift */,
				FD608FA09D557B2D99D91743 /* DisplaySettingsView.swift */,
				CED6F8169E8802E9F14EFCC6 /* HapticSettingsView.swift */,
				6DBD3E8B60FE2ECC5ACB480B /* IconSelectorView.swift */,
				DEBC568CEFF6EEA37516BA5C /* InstanceInfoView.swift */,
				1165478682C30B45973DDCB2 /* PushNotificationsView.swift */,
				8751955833413D138FA91E90 /* RecenTagsSettingView.swift */,
				FA7F9636F4395E8F512CED35 /* RemoteTimelinesSettingView.swift */,
				BBBFAEF9F313C2CF0559B07B /* SettingsTab.swift */,
				564E804BD1AA5CA73F3320A8 /* SidebarEntriesSettingsView.swift */,
				9A5D4A1D6A65A5A4576813A7 /* SupportAppView.swift */,
				1476FBD48666C63DFF9B07F8 /* SwipeActionsSettingsView.swift */,
				0ED7C76F1A2FD6727275F7A3 /* TabbarEntriesSettingsView.swift */,
				E9CC5AAC333E5F68E8513595 /* TagsGroupSettingView.swift */,
				B93C9569DC1A1E5C2A7A89EA /* TranslationSettingsView.swift */,
			);
			path = Settings;
			sourceTree = "<group>";
		};
		AAF5E57A872721EE43A59F16 /* Tabs */ = {
			isa = PBXGroup;
			children = (
				A086DB6BA1C524FD74DD4A3C /* Settings */,
				28E10ACE0486136A74C73BE8 /* TagGroup */,
				374C34F6996B90F452310E4B /* Timeline */,
				C851D8913F7925D7DC092E1F /* ExploreTab.swift */,
				ED63E184E72928E611FC5DB9 /* MessagesTab.swift */,
				8E0A7B1A89F82AB6E0C16F82 /* NavigationSheet.swift */,
				FE94715E97525D19D2CDC901 /* NavigationTab.swift */,
				72FDB1492A5DD4253C410B3D /* NotificationTab.swift */,
				C04AC5F5D01ED96098AE576C /* ProfileTab.swift */,
				25C39663E800677BDE8C8A80 /* Tabs.swift */,
				0FC1A228B42C1A4FBF53F6BA /* ToolbarTab.swift */,
			);
			path = Tabs;
			sourceTree = "<group>";
		};
		B1A7944E4CDA6BC0C48D971A /* Derived */ = {
			isa = PBXGroup;
			children = (
				6B1E6E400FDA97064FA96C74 /* InfoPlists */,
				363B0505C001FEA2825A532A /* Sources */,
			);
			path = Derived;
			sourceTree = "<group>";
		};
		C95024307AD4145E9EA642A5 /* Project */ = {
			isa = PBXGroup;
			children = (
				B1A7944E4CDA6BC0C48D971A /* Derived */,
				EDBF7222269FDF1D15122216 /* IceCubesApp */,
			);
			name = Project;
			sourceTree = "<group>";
		};
		D05E48FA3A5825C7A3FF6099 /* App */ = {
			isa = PBXGroup;
			children = (
				6577E2857275A0ED26E3E9C1 /* Main */,
				7C698084FEFDDE139F36691B /* Report */,
				AAF5E57A872721EE43A59F16 /* Tabs */,
				319B5355A7B3703FF80BCCBF /* AppRegistry.swift */,
				F94EF0BC4EB45D7B5F7D0AA1 /* SafariRouter.swift */,
				4C5A1F0D02AF5F4D723E49AE /* SideBarView.swift */,
			);
			path = App;
			sourceTree = "<group>";
		};
		DE0E59E7619ABB0279FC56EB /* Products */ = {
			isa = PBXGroup;
			children = (
				33BBD74590FC341653DF3BBB /* IceCubesApp.app */,
			);
			name = Products;
			sourceTree = "<group>";
		};
		EDBF7222269FDF1D15122216 /* IceCubesApp */ = {
			isa = PBXGroup;
			children = (
				D05E48FA3A5825C7A3FF6099 /* App */,
				0E0555F56589A1DFBBE3ECCC /* Embeds */,
				2388B66FE931061D77AC6B72 /* Resources */,
				D2E39C815BFE08A383944015 /* Assets.xcassets */,
			);
			path = IceCubesApp;
			sourceTree = "<group>";
		};
/* End PBXGroup section */

/* Begin PBXNativeTarget section */
		02D52559A97F1BD0968528E2 /* IceCubesApp */ = {
			isa = PBXNativeTarget;
			buildConfigurationList = C95151FCDE48A026924A2293 /* Build configuration list for PBXNativeTarget "IceCubesApp" */;
			buildPhases = (
				DC36569E77A5E24EE6FA5EC2 /* Sources */,
				133F635C4755B2668DFB680C /* Resources */,
				235EA327880E43CE55508878 /* Embed Frameworks */,
				8758C89D1EF4A4EC4CCEEE50 /* Frameworks */,
			);
			buildRules = (
			);
			dependencies = (
			);
			name = IceCubesApp;
			productName = IceCubesApp;
			productReference = 33BBD74590FC341653DF3BBB /* IceCubesApp.app */;
			productType = "com.apple.product-type.application";
		};
/* End PBXNativeTarget section */

/* Begin PBXProject section */
		7E0644ACD8ECB6C957D48542 /* Project object */ = {
			isa = PBXProject;
			attributes = {
				BuildIndependentTargetsInParallel = YES;
				TargetAttributes = {
				};
			};
			buildConfigurationList = A57F7E534983F581A3E4EC4F /* Build configuration list for PBXProject "IceCubesApp" */;
			compatibilityVersion = "Xcode 14.0";
			developmentRegion = en;
			hasScannedForEncodings = 0;
			knownRegions = (
				Base,
				en,
			);
			mainGroup = 52EE82373C4C88E3188F6EF7;
			productRefGroup = DE0E59E7619ABB0279FC56EB /* Products */;
			projectDirPath = "";
			projectRoot = "";
			targets = (
				02D52559A97F1BD0968528E2 /* IceCubesApp */,
			);
		};
/* End PBXProject section */

/* Begin PBXResourcesBuildPhase section */
		133F635C4755B2668DFB680C /* Resources */ = {
			isa = PBXResourcesBuildPhase;
			buildActionMask = 2147483647;
			files = (
				1D852AC73A1AC5CBCAB90E91 /* Assets.xcassets in Resources */,
				38166E8A35DB5F3BA96A6D7E /* Atkinson-Hyperlegible-Regular-102.ttf in Resources */,
				79DED10FEED981DA9CCA876F /* OpenDyslexic-Regular.otf in Resources */,
				714C226036CAA7D6B694B365 /* bookmark.wav in Resources */,
				5F8C18C985748EB24C5CA006 /* boost.wav in Resources */,
				FF730A94DBF774315578D8CE /* favorite.wav in Resources */,
				00B61BAAF24B7C76CCA33882 /* glass.caf in Resources */,
				C2F43B5D916D6E3C4A969B6E /* glass.wav in Resources */,
				50DD0876B032DF577C0C6EED /* pull.wav in Resources */,
				5F0B00B02B3E6B8B05FC44C6 /* refresh.wav in Resources */,
				B4FDAAA01B39FB4C5D0FB352 /* share.wav in Resources */,
				C590AF08E416AD926FAF1BD7 /* tabSelection.wav in Resources */,
				BCD47A0110CF9A8CA0E9AA39 /* tootSent.wav in Resources */,
				346E9BB83778A6AA982B6B4B /* Preview Assets.xcassets in Resources */,
				9ABCF6C7850F979C90CA1B3E /* DesignSystem_DesignSystem.bundle in Resources */,
				8A8CF06814CC60625AE2AF11 /* SwiftSoup_SwiftSoup.bundle in Resources */,
				11D669A80C9EF627B4FEED7D /* RevenueCat_RevenueCat.bundle in Resources */,
			);
			runOnlyForDeploymentPostprocessing = 0;
		};
/* End PBXResourcesBuildPhase section */

/* Begin PBXSourcesBuildPhase section */
		DC36569E77A5E24EE6FA5EC2 /* Sources */ = {
			isa = PBXSourcesBuildPhase;
			buildActionMask = 2147483647;
			files = (
				7421B50BC420E509E0ADB37E /* TuistAssets+IceCubesApp.swift in Sources */,
				373D92CE2EEB0AC8CFBFC6C6 /* TuistBundle+IceCubesApp.swift in Sources */,
				79A77EB051BA742F640B0EC5 /* TuistFonts+IceCubesApp.swift in Sources */,
				49E6F0D969873658EF1260CA /* AppRegistry.swift in Sources */,
				1314F4BEEA58776A2476A633 /* AppView.swift in Sources */,
				28DE968D74A472B0AB9525C9 /* IceCubesApp+Menu.swift in Sources */,
				8341FED0F037DC5338A6E624 /* IceCubesApp+Scene.swift in Sources */,
				44186B1D06436ABF05ED8163 /* IceCubesApp.swift in Sources */,
				BA1F170501ACE5F278A2CA00 /* ReportView.swift in Sources */,
				5FD133FD232EF6CCAF9888DE /* SafariRouter.swift in Sources */,
				E7BF69691800FECD1715BB81 /* SideBarView.swift in Sources */,
				2562C5B90B87B8A3B4F2BA24 /* ExploreTab.swift in Sources */,
				86F6627D1DF683C4AD85D331 /* MessagesTab.swift in Sources */,
				6817EC7235E04ECFD1010D17 /* NavigationSheet.swift in Sources */,
				0531E5FA1314732FB4153965 /* NavigationTab.swift in Sources */,
				22B6B825479789A22E73DD96 /* NotificationTab.swift in Sources */,
				C0531F95EE516027AAA57D66 /* ProfileTab.swift in Sources */,
				44F153D804186F1438A583B1 /* AboutView.swift in Sources */,
				F1550DC03C89E54D12DF8AE4 /* AccountSettingView.swift in Sources */,
				070DC31BAAF31E4CA38776FE /* AddAccountsView.swift in Sources */,
				6EF8E6320A1097BB8721E301 /* ContentSettingsView.swift in Sources */,
				B5296D784E1D25657DAD3A9C /* DisplaySettingsView.swift in Sources */,
				D8F34CB31D64382521B0C7F7 /* HapticSettingsView.swift in Sources */,
				0C98A70353D620EF67DE5F19 /* IconSelectorView.swift in Sources */,
				2432C95103F15E5917E3A2A0 /* InstanceInfoView.swift in Sources */,
				C96EB5ED4552916DCA016255 /* PushNotificationsView.swift in Sources */,
				6189437DD13649BB1CA1F874 /* RecenTagsSettingView.swift in Sources */,
				1FD25E19DC3E1A9DF9EB2F43 /* RemoteTimelinesSettingView.swift in Sources */,
				D5E32A642050FB7F0189C6FB /* SettingsTab.swift in Sources */,
				5C39FE6B1FCB6E1CB9BD5AB7 /* SidebarEntriesSettingsView.swift in Sources */,
				E772A0518B0AA59335DC3AB9 /* SupportAppView.swift in Sources */,
				7AAE6424FF87185A0EEBA95A /* SwipeActionsSettingsView.swift in Sources */,
				E803177D8E7E585E042DDE63 /* TabbarEntriesSettingsView.swift in Sources */,
				DAFDD5929C7A0A2DEFEF8571 /* TagsGroupSettingView.swift in Sources */,
				9AF2BF94B394F50D965AE6DF /* TranslationSettingsView.swift in Sources */,
				948235C52B5B172F64271771 /* Tabs.swift in Sources */,
				18FC4E7FB93FC318B8C8DAAC /* EditTagGroupView.swift in Sources */,
				0F0CC0453365A6D41283E3CF /* AddRemoteTimelineView.swift in Sources */,
				370C5363E4AF47473CD4AA7E /* TimelineTab.swift in Sources */,
				214311924041E02412C5E231 /* ToolbarTab.swift in Sources */,
			);
			runOnlyForDeploymentPostprocessing = 0;
		};
/* End PBXSourcesBuildPhase section */

/* Begin XCBuildConfiguration section */
		241B8696C13D8EB4A0E1C7D1 /* Debug */ = {
			isa = XCBuildConfiguration;
			buildSettings = {
				ALWAYS_SEARCH_USER_PATHS = NO;
				CLANG_ANALYZER_LOCALIZABILITY_NONLOCALIZED = YES;
				CLANG_ANALYZER_NONNULL = YES;
				CLANG_ANALYZER_NUMBER_OBJECT_CONVERSION = YES_AGGRESSIVE;
				CLANG_CXX_LANGUAGE_STANDARD = "gnu++14";
				CLANG_CXX_LIBRARY = "libc++";
				CLANG_ENABLE_MODULES = YES;
				CLANG_ENABLE_OBJC_ARC = YES;
				CLANG_ENABLE_OBJC_WEAK = YES;
				CLANG_WARN_BLOCK_CAPTURE_AUTORELEASING = YES;
				CLANG_WARN_BOOL_CONVERSION = YES;
				CLANG_WARN_COMMA = YES;
				CLANG_WARN_CONSTANT_CONVERSION = YES;
				CLANG_WARN_DEPRECATED_OBJC_IMPLEMENTATIONS = YES;
				CLANG_WARN_DIRECT_OBJC_ISA_USAGE = YES_ERROR;
				CLANG_WARN_DOCUMENTATION_COMMENTS = YES;
				CLANG_WARN_EMPTY_BODY = YES;
				CLANG_WARN_ENUM_CONVERSION = YES;
				CLANG_WARN_INFINITE_RECURSION = YES;
				CLANG_WARN_INT_CONVERSION = YES;
				CLANG_WARN_NON_LITERAL_NULL_CONVERSION = YES;
				CLANG_WARN_OBJC_IMPLICIT_RETAIN_SELF = YES;
				CLANG_WARN_OBJC_LITERAL_CONVERSION = YES;
				CLANG_WARN_OBJC_ROOT_CLASS = YES_ERROR;
				CLANG_WARN_QUOTED_INCLUDE_IN_FRAMEWORK_HEADER = YES;
				CLANG_WARN_RANGE_LOOP_ANALYSIS = YES;
				CLANG_WARN_STRICT_PROTOTYPES = YES;
				CLANG_WARN_SUSPICIOUS_MOVE = YES;
				CLANG_WARN_UNGUARDED_AVAILABILITY = YES_AGGRESSIVE;
				CLANG_WARN_UNREACHABLE_CODE = YES;
				CLANG_WARN__DUPLICATE_METHOD_MATCH = YES;
				COPY_PHASE_STRIP = NO;
				DEAD_CODE_STRIPPING = YES;
				DEBUG_INFORMATION_FORMAT = dwarf;
				ENABLE_STRICT_OBJC_MSGSEND = YES;
				ENABLE_TESTABILITY = YES;
				GCC_C_LANGUAGE_STANDARD = gnu11;
				GCC_DYNAMIC_NO_PIC = NO;
				GCC_NO_COMMON_BLOCKS = YES;
				GCC_OPTIMIZATION_LEVEL = 0;
				GCC_PREPROCESSOR_DEFINITIONS = (
					"DEBUG=1",
					"$(inherited)",
				);
				GCC_WARN_64_TO_32_BIT_CONVERSION = YES;
				GCC_WARN_ABOUT_RETURN_TYPE = YES_ERROR;
				GCC_WARN_UNDECLARED_SELECTOR = YES;
				GCC_WARN_UNINITIALIZED_AUTOS = YES_AGGRESSIVE;
				GCC_WARN_UNUSED_FUNCTION = YES;
				GCC_WARN_UNUSED_VARIABLE = YES;
				MTL_ENABLE_DEBUG_INFO = YES;
				ONLY_ACTIVE_ARCH = YES;
				PRODUCT_NAME = "$(TARGET_NAME)";
			};
			name = Debug;
		};
		62752A67E7113C1538C5E9B0 /* Release */ = {
			isa = XCBuildConfiguration;
			buildSettings = {
				ASSETCATALOG_COMPILER_APPICON_NAME = AppIcon;
				CODE_SIGN_IDENTITY = "iPhone Developer";
				ENABLE_PREVIEWS = YES;
				FRAMEWORK_SEARCH_PATHS = (
					"$(inherited)",
					"$(SRCROOT)/../../.cache/tuist-cloud/BinaryCache/07a2082bd0aadd8bff52f151af0be747",
					"$(SRCROOT)/../../.cache/tuist-cloud/BinaryCache/1c12adaf300955cd1518f76a42b3adda",
					"$(SRCROOT)/../../.cache/tuist-cloud/BinaryCache/2aae2ac3de0bd610b76a15ed3352cbf1",
					"$(SRCROOT)/../../.cache/tuist-cloud/BinaryCache/2b6ccf3e0e3c9692cfff4192b2bdf3eb",
					"$(SRCROOT)/../../.cache/tuist-cloud/BinaryCache/33a8eb44982792fee29cbd84b1f3e143",
					"$(SRCROOT)/../../.cache/tuist-cloud/BinaryCache/3555719b03f85a51c33ec2822fe26e92",
					"$(SRCROOT)/../../.cache/tuist-cloud/BinaryCache/64a04d29198427c67d64fdb9e1f2241d",
					"$(SRCROOT)/../../.cache/tuist-cloud/BinaryCache/695cf44f42e234daefbffc2761f44b07",
					"$(SRCROOT)/../../.cache/tuist-cloud/BinaryCache/6e40e01a8c8d8fbd983d150ea2f29e8d",
					"$(SRCROOT)/../../.cache/tuist-cloud/BinaryCache/6e416db5a49ebed0cc2ef9b87893ad3e",
					"$(SRCROOT)/../../.cache/tuist-cloud/BinaryCache/9245b736f503d52b4117594e13fe9247",
					"$(SRCROOT)/../../.cache/tuist-cloud/BinaryCache/989d27528c611100daf81f2576c3a3cb",
					"$(SRCROOT)/../../.cache/tuist-cloud/BinaryCache/9a940c09ad9b2210b7915eafdafb5c3c",
					"$(SRCROOT)/../../.cache/tuist-cloud/BinaryCache/af05cdc90ca3ebdf211cc270a5da7fac",
					"$(SRCROOT)/../../.cache/tuist-cloud/BinaryCache/b1907816b431d13303698746feced236",
					"$(SRCROOT)/../../.cache/tuist-cloud/BinaryCache/b4f02f972387dbaa658de82445828a43",
					"$(SRCROOT)/../../.cache/tuist-cloud/BinaryCache/b796ba95d94cae848b7ead210cf8335c",
					"$(SRCROOT)/../../.cache/tuist-cloud/BinaryCache/b799fa7c7b2b5e54be92c3e47e003d4a",
					"$(SRCROOT)/../../.cache/tuist-cloud/BinaryCache/bc8fa72e669197cc6e474f72eadac639",
					"$(SRCROOT)/../../.cache/tuist-cloud/BinaryCache/c4eaf9ed1e70bd69bbebcad85982a95d",
					"$(SRCROOT)/../../.cache/tuist-cloud/BinaryCache/ca6c1fa9adfd684f3d1f5ec7cd148958",
					"$(SRCROOT)/../../.cache/tuist-cloud/BinaryCache/cc8b9bc84ba3356a8b1d9f79abbd68d9",
					"$(SRCROOT)/../../.cache/tuist-cloud/BinaryCache/cd418fe078596d9dbbf126602ff01e03",
					"$(SRCROOT)/../../.cache/tuist-cloud/BinaryCache/d3fb125be11d40868376b791daec9908",
					"$(SRCROOT)/../../.cache/tuist-cloud/BinaryCache/f43de2793b5e4f287704bd9a54c7977d",
					"$(SRCROOT)/../../.cache/tuist-cloud/BinaryCache/f5c3525b82ec725d5b8314c58a09293f",
					"$(SRCROOT)/../../.cache/tuist-cloud/BinaryCache/f75dddafaedcbc682e2efd62bc66adbe",
					"$(SRCROOT)/../../.cache/tuist-cloud/BinaryCache/fda5284462b2012bfaf3578894272384",
					"$(SRCROOT)/../../.cache/tuist-cloud/BinaryCache/fe5d3dcfceccb52465668f9ff8eb821f",
				);
				HEADER_SEARCH_PATHS = (
					"$(inherited)",
					"$(inherited)",
					"/Users/marekfort/Developer/IceCubesApp/Tuist/.build/checkouts/swift-cmark/extensions/include",
					"/Users/marekfort/Developer/IceCubesApp/Tuist/.build/checkouts/swift-cmark/src/include",
					"/Users/marekfort/Developer/IceCubesApp/Tuist/.build/checkouts/swift-markdown/Sources/CAtomic/include",
				);
				INFOPLIST_FILE = "Derived/InfoPlists/IceCubesApp-Info.plist";
				LD_RUNPATH_SEARCH_PATHS = (
					"$(inherited)",
					"@executable_path/Frameworks",
				);
				OTHER_CFLAGS = (
					"$(inherited)",
					"-fmodule-map-file=$(SRCROOT)/Tuist/.build/checkouts/swift-cmark/src/include/module.modulemap",
					"-fmodule-map-file=$(SRCROOT)/Tuist/.build/tuist-derived/CAtomic/CAtomic.modulemap",
					"-fmodule-map-file=$(SRCROOT)/Tuist/.build/tuist-derived/cmark-gfm-extensions/cmark-gfm-extensions.modulemap",
				);
				OTHER_LDFLAGS = (
					"$(inherited)",
					"-ObjC",
				);
				OTHER_SWIFT_FLAGS = (
					"$(inherited)",
					"-Xcc",
					"-fmodule-map-file=$(SRCROOT)/Tuist/.build/checkouts/swift-cmark/src/include/module.modulemap",
					"-Xcc",
					"-fmodule-map-file=$(SRCROOT)/Tuist/.build/tuist-derived/CAtomic/CAtomic.modulemap",
					"-Xcc",
					"-fmodule-map-file=$(SRCROOT)/Tuist/.build/tuist-derived/cmark-gfm-extensions/cmark-gfm-extensions.modulemap",
				);
				PRODUCT_BUNDLE_IDENTIFIER = io.tuist.IceCubesApp;
				PRODUCT_NAME = IceCubesApp;
				SDKROOT = iphoneos;
				SUPPORTS_MACCATALYST = NO;
				SUPPORTS_MAC_DESIGNED_FOR_IPHONE_IPAD = YES;
				SUPPORTS_XR_DESIGNED_FOR_IPHONE_IPAD = NO;
				SWIFT_COMPILATION_MODE = wholemodule;
				SWIFT_OPTIMIZATION_LEVEL = "-Owholemodule";
				SWIFT_VERSION = 5.0;
				TARGETED_DEVICE_FAMILY = "1,2";
			};
			name = Release;
		};
		AB7AD9241BBDD42585D1C07D /* Debug */ = {
			isa = XCBuildConfiguration;
			buildSettings = {
				ASSETCATALOG_COMPILER_APPICON_NAME = AppIcon;
				CODE_SIGN_IDENTITY = "iPhone Developer";
				ENABLE_PREVIEWS = YES;
				FRAMEWORK_SEARCH_PATHS = (
					"$(inherited)",
					"$(SRCROOT)/../../.cache/tuist-cloud/BinaryCache/07a2082bd0aadd8bff52f151af0be747",
					"$(SRCROOT)/../../.cache/tuist-cloud/BinaryCache/1c12adaf300955cd1518f76a42b3adda",
					"$(SRCROOT)/../../.cache/tuist-cloud/BinaryCache/2aae2ac3de0bd610b76a15ed3352cbf1",
					"$(SRCROOT)/../../.cache/tuist-cloud/BinaryCache/2b6ccf3e0e3c9692cfff4192b2bdf3eb",
					"$(SRCROOT)/../../.cache/tuist-cloud/BinaryCache/33a8eb44982792fee29cbd84b1f3e143",
					"$(SRCROOT)/../../.cache/tuist-cloud/BinaryCache/3555719b03f85a51c33ec2822fe26e92",
					"$(SRCROOT)/../../.cache/tuist-cloud/BinaryCache/64a04d29198427c67d64fdb9e1f2241d",
					"$(SRCROOT)/../../.cache/tuist-cloud/BinaryCache/695cf44f42e234daefbffc2761f44b07",
					"$(SRCROOT)/../../.cache/tuist-cloud/BinaryCache/6e40e01a8c8d8fbd983d150ea2f29e8d",
					"$(SRCROOT)/../../.cache/tuist-cloud/BinaryCache/6e416db5a49ebed0cc2ef9b87893ad3e",
					"$(SRCROOT)/../../.cache/tuist-cloud/BinaryCache/9245b736f503d52b4117594e13fe9247",
					"$(SRCROOT)/../../.cache/tuist-cloud/BinaryCache/989d27528c611100daf81f2576c3a3cb",
					"$(SRCROOT)/../../.cache/tuist-cloud/BinaryCache/9a940c09ad9b2210b7915eafdafb5c3c",
					"$(SRCROOT)/../../.cache/tuist-cloud/BinaryCache/af05cdc90ca3ebdf211cc270a5da7fac",
					"$(SRCROOT)/../../.cache/tuist-cloud/BinaryCache/b1907816b431d13303698746feced236",
					"$(SRCROOT)/../../.cache/tuist-cloud/BinaryCache/b4f02f972387dbaa658de82445828a43",
					"$(SRCROOT)/../../.cache/tuist-cloud/BinaryCache/b796ba95d94cae848b7ead210cf8335c",
					"$(SRCROOT)/../../.cache/tuist-cloud/BinaryCache/b799fa7c7b2b5e54be92c3e47e003d4a",
					"$(SRCROOT)/../../.cache/tuist-cloud/BinaryCache/bc8fa72e669197cc6e474f72eadac639",
					"$(SRCROOT)/../../.cache/tuist-cloud/BinaryCache/c4eaf9ed1e70bd69bbebcad85982a95d",
					"$(SRCROOT)/../../.cache/tuist-cloud/BinaryCache/ca6c1fa9adfd684f3d1f5ec7cd148958",
					"$(SRCROOT)/../../.cache/tuist-cloud/BinaryCache/cc8b9bc84ba3356a8b1d9f79abbd68d9",
					"$(SRCROOT)/../../.cache/tuist-cloud/BinaryCache/cd418fe078596d9dbbf126602ff01e03",
					"$(SRCROOT)/../../.cache/tuist-cloud/BinaryCache/d3fb125be11d40868376b791daec9908",
					"$(SRCROOT)/../../.cache/tuist-cloud/BinaryCache/f43de2793b5e4f287704bd9a54c7977d",
					"$(SRCROOT)/../../.cache/tuist-cloud/BinaryCache/f5c3525b82ec725d5b8314c58a09293f",
					"$(SRCROOT)/../../.cache/tuist-cloud/BinaryCache/f75dddafaedcbc682e2efd62bc66adbe",
					"$(SRCROOT)/../../.cache/tuist-cloud/BinaryCache/fda5284462b2012bfaf3578894272384",
					"$(SRCROOT)/../../.cache/tuist-cloud/BinaryCache/fe5d3dcfceccb52465668f9ff8eb821f",
				);
				HEADER_SEARCH_PATHS = (
					"$(inherited)",
					"$(inherited)",
					"/Users/marekfort/Developer/IceCubesApp/Tuist/.build/checkouts/swift-cmark/extensions/include",
					"/Users/marekfort/Developer/IceCubesApp/Tuist/.build/checkouts/swift-cmark/src/include",
					"/Users/marekfort/Developer/IceCubesApp/Tuist/.build/checkouts/swift-markdown/Sources/CAtomic/include",
				);
				INFOPLIST_FILE = "Derived/InfoPlists/IceCubesApp-Info.plist";
				LD_RUNPATH_SEARCH_PATHS = (
					"$(inherited)",
					"@executable_path/Frameworks",
				);
				OTHER_CFLAGS = (
					"$(inherited)",
					"-fmodule-map-file=$(SRCROOT)/Tuist/.build/checkouts/swift-cmark/src/include/module.modulemap",
					"-fmodule-map-file=$(SRCROOT)/Tuist/.build/tuist-derived/CAtomic/CAtomic.modulemap",
					"-fmodule-map-file=$(SRCROOT)/Tuist/.build/tuist-derived/cmark-gfm-extensions/cmark-gfm-extensions.modulemap",
				);
				OTHER_LDFLAGS = (
					"$(inherited)",
					"-ObjC",
				);
				OTHER_SWIFT_FLAGS = (
					"$(inherited)",
					"-Xcc",
					"-fmodule-map-file=$(SRCROOT)/Tuist/.build/checkouts/swift-cmark/src/include/module.modulemap",
					"-Xcc",
					"-fmodule-map-file=$(SRCROOT)/Tuist/.build/tuist-derived/CAtomic/CAtomic.modulemap",
					"-Xcc",
					"-fmodule-map-file=$(SRCROOT)/Tuist/.build/tuist-derived/cmark-gfm-extensions/cmark-gfm-extensions.modulemap",
				);
				PRODUCT_BUNDLE_IDENTIFIER = io.tuist.IceCubesApp;
				PRODUCT_NAME = IceCubesApp;
				SDKROOT = iphoneos;
				SUPPORTS_MACCATALYST = NO;
				SUPPORTS_MAC_DESIGNED_FOR_IPHONE_IPAD = YES;
				SUPPORTS_XR_DESIGNED_FOR_IPHONE_IPAD = NO;
				SWIFT_ACTIVE_COMPILATION_CONDITIONS = (
					"$(inherited)",
					DEBUG,
				);
				SWIFT_COMPILATION_MODE = singlefile;
				SWIFT_OPTIMIZATION_LEVEL = "-Onone";
				SWIFT_VERSION = 5.0;
				TARGETED_DEVICE_FAMILY = "1,2";
			};
			name = Debug;
		};
		ABF703E17195FCD98D50BCEE /* Release */ = {
			isa = XCBuildConfiguration;
			buildSettings = {
				ALWAYS_SEARCH_USER_PATHS = NO;
				CLANG_ANALYZER_LOCALIZABILITY_NONLOCALIZED = YES;
				CLANG_ANALYZER_NONNULL = YES;
				CLANG_ANALYZER_NUMBER_OBJECT_CONVERSION = YES_AGGRESSIVE;
				CLANG_CXX_LANGUAGE_STANDARD = "gnu++14";
				CLANG_CXX_LIBRARY = "libc++";
				CLANG_ENABLE_MODULES = YES;
				CLANG_ENABLE_OBJC_ARC = YES;
				CLANG_ENABLE_OBJC_WEAK = YES;
				CLANG_WARN_BLOCK_CAPTURE_AUTORELEASING = YES;
				CLANG_WARN_BOOL_CONVERSION = YES;
				CLANG_WARN_COMMA = YES;
				CLANG_WARN_CONSTANT_CONVERSION = YES;
				CLANG_WARN_DEPRECATED_OBJC_IMPLEMENTATIONS = YES;
				CLANG_WARN_DIRECT_OBJC_ISA_USAGE = YES_ERROR;
				CLANG_WARN_DOCUMENTATION_COMMENTS = YES;
				CLANG_WARN_EMPTY_BODY = YES;
				CLANG_WARN_ENUM_CONVERSION = YES;
				CLANG_WARN_INFINITE_RECURSION = YES;
				CLANG_WARN_INT_CONVERSION = YES;
				CLANG_WARN_NON_LITERAL_NULL_CONVERSION = YES;
				CLANG_WARN_OBJC_IMPLICIT_RETAIN_SELF = YES;
				CLANG_WARN_OBJC_LITERAL_CONVERSION = YES;
				CLANG_WARN_OBJC_ROOT_CLASS = YES_ERROR;
				CLANG_WARN_QUOTED_INCLUDE_IN_FRAMEWORK_HEADER = YES;
				CLANG_WARN_RANGE_LOOP_ANALYSIS = YES;
				CLANG_WARN_STRICT_PROTOTYPES = YES;
				CLANG_WARN_SUSPICIOUS_MOVE = YES;
				CLANG_WARN_UNGUARDED_AVAILABILITY = YES_AGGRESSIVE;
				CLANG_WARN_UNREACHABLE_CODE = YES;
				CLANG_WARN__DUPLICATE_METHOD_MATCH = YES;
				COPY_PHASE_STRIP = NO;
				DEAD_CODE_STRIPPING = YES;
				DEBUG_INFORMATION_FORMAT = "dwarf-with-dsym";
				ENABLE_NS_ASSERTIONS = NO;
				ENABLE_STRICT_OBJC_MSGSEND = YES;
				GCC_C_LANGUAGE_STANDARD = gnu11;
				GCC_NO_COMMON_BLOCKS = YES;
				GCC_WARN_64_TO_32_BIT_CONVERSION = YES;
				GCC_WARN_ABOUT_RETURN_TYPE = YES_ERROR;
				GCC_WARN_UNDECLARED_SELECTOR = YES;
				GCC_WARN_UNINITIALIZED_AUTOS = YES_AGGRESSIVE;
				GCC_WARN_UNUSED_FUNCTION = YES;
				GCC_WARN_UNUSED_VARIABLE = YES;
				MTL_ENABLE_DEBUG_INFO = NO;
				PRODUCT_NAME = "$(TARGET_NAME)";
				VALIDATE_PRODUCT = YES;
			};
			name = Release;
		};
/* End XCBuildConfiguration section */

/* Begin XCConfigurationList section */
		A57F7E534983F581A3E4EC4F /* Build configuration list for PBXProject "IceCubesApp" */ = {
			isa = XCConfigurationList;
			buildConfigurations = (
				241B8696C13D8EB4A0E1C7D1 /* Debug */,
				ABF703E17195FCD98D50BCEE /* Release */,
			);
			defaultConfigurationIsVisible = 0;
			defaultConfigurationName = Release;
		};
		C95151FCDE48A026924A2293 /* Build configuration list for PBXNativeTarget "IceCubesApp" */ = {
			isa = XCConfigurationList;
			buildConfigurations = (
				AB7AD9241BBDD42585D1C07D /* Debug */,
				62752A67E7113C1538C5E9B0 /* Release */,
			);
			defaultConfigurationIsVisible = 0;
			defaultConfigurationName = Release;
		};
/* End XCConfigurationList section */
	};
	rootObject = 7E0644ACD8ECB6C957D48542 /* Project object */;
}
