// !$*UTF8*$!
{
	archiveVersion = 1;
	classes = {
	};
	objectVersion = 56;
	objects = {

/* Begin PBXBuildFile section */
		F8A2254C2BA8B01D00D6D6E8 /* MyNewProjectApp.swift in Sources */ = {isa = PBXBuildFile; fileRef = F8A2254B2BA8B01D00D6D6E8 /* MyNewProjectApp.swift */; };
		F8A2254E2BA8B01D00D6D6E8 /* ContentView.swift in Sources */ = {isa = PBXBuildFile; fileRef = F8A2254D2BA8B01D00D6D6E8 /* ContentView.swift */; };
		F8A225502BA8B01E00D6D6E8 /* Assets.xcassets in Resources */ = {isa = PBXBuildFile; fileRef = F8A2254F2BA8B01E00D6D6E8 /* Assets.xcassets */; };
		F8A225532BA8B01E00D6D6E8 /* Preview Assets.xcassets in Resources */ = {isa = PBXBuildFile; fileRef = F8A225522BA8B01E00D6D6E8 /* Preview Assets.xcassets */; };
		F8A2255D2BA8B01E00D6D6E8 /* MyNewProjectTests.swift in Sources */ = {isa = PBXBuildFile; fileRef = F8A2255C2BA8B01E00D6D6E8 /* MyNewProjectTests.swift */; };
		F8A225672BA8B01E00D6D6E8 /* MyNewProjectUITests.swift in Sources */ = {isa = PBXBuildFile; fileRef = F8A225662BA8B01E00D6D6E8 /* MyNewProjectUITests.swift */; };
		F8A225692BA8B01E00D6D6E8 /* MyNewProjectUITestsLaunchTests.swift in Sources */ = {isa = PBXBuildFile; fileRef = F8A225682BA8B01E00D6D6E8 /* MyNewProjectUITestsLaunchTests.swift */; };
		F8A2257A2BA8B1EE00D6D6E8 /* ComposableArchitecture in Frameworks */ = {isa = PBXBuildFile; productRef = F8A225792BA8B1EE00D6D6E8 /* ComposableArchitecture */; };
/* End PBXBuildFile section */

/* Begin PBXContainerItemProxy section */
		F8A225592BA8B01E00D6D6E8 /* PBXContainerItemProxy */ = {
			isa = PBXContainerItemProxy;
			containerPortal = F8A225402BA8B01D00D6D6E8 /* Project object */;
			proxyType = 1;
			remoteGlobalIDString = F8A225472BA8B01D00D6D6E8;
			remoteInfo = MyNewProject;
		};
		F8A225632BA8B01E00D6D6E8 /* PBXContainerItemProxy */ = {
			isa = PBXContainerItemProxy;
			containerPortal = F8A225402BA8B01D00D6D6E8 /* Project object */;
			proxyType = 1;
			remoteGlobalIDString = F8A225472BA8B01D00D6D6E8;
			remoteInfo = MyNewProject;
		};
/* End PBXContainerItemProxy section */

/* Begin PBXFileReference section */
		F8A225482BA8B01D00D6D6E8 /* MyNewProject.app */ = {isa = PBXFileReference; explicitFileType = wrapper.application; includeInIndex = 0; path = MyNewProject.app; sourceTree = BUILT_PRODUCTS_DIR; };
		F8A2254B2BA8B01D00D6D6E8 /* MyNewProjectApp.swift */ = {isa = PBXFileReference; lastKnownFileType = sourcecode.swift; path = MyNewProjectApp.swift; sourceTree = "<group>"; };
		F8A2254D2BA8B01D00D6D6E8 /* ContentView.swift */ = {isa = PBXFileReference; lastKnownFileType = sourcecode.swift; path = ContentView.swift; sourceTree = "<group>"; };
		F8A2254F2BA8B01E00D6D6E8 /* Assets.xcassets */ = {isa = PBXFileReference; lastKnownFileType = folder.assetcatalog; path = Assets.xcassets; sourceTree = "<group>"; };
		F8A225522BA8B01E00D6D6E8 /* Preview Assets.xcassets */ = {isa = PBXFileReference; lastKnownFileType = folder.assetcatalog; path = "Preview Assets.xcassets"; sourceTree = "<group>"; };
		F8A225582BA8B01E00D6D6E8 /* MyNewProjectTests.xctest */ = {isa = PBXFileReference; explicitFileType = wrapper.cfbundle; includeInIndex = 0; path = MyNewProjectTests.xctest; sourceTree = BUILT_PRODUCTS_DIR; };
		F8A2255C2BA8B01E00D6D6E8 /* MyNewProjectTests.swift */ = {isa = PBXFileReference; lastKnownFileType = sourcecode.swift; path = MyNewProjectTests.swift; sourceTree = "<group>"; };
		F8A225622BA8B01E00D6D6E8 /* MyNewProjectUITests.xctest */ = {isa = PBXFileReference; explicitFileType = wrapper.cfbundle; includeInIndex = 0; path = MyNewProjectUITests.xctest; sourceTree = BUILT_PRODUCTS_DIR; };
		F8A225662BA8B01E00D6D6E8 /* MyNewProjectUITests.swift */ = {isa = PBXFileReference; lastKnownFileType = sourcecode.swift; path = MyNewProjectUITests.swift; sourceTree = "<group>"; };
		F8A225682BA8B01E00D6D6E8 /* MyNewProjectUITestsLaunchTests.swift */ = {isa = PBXFileReference; lastKnownFileType = sourcecode.swift; path = MyNewProjectUITestsLaunchTests.swift; sourceTree = "<group>"; };
/* End PBXFileReference section */

/* Begin PBXFrameworksBuildPhase section */
		F8A225452BA8B01D00D6D6E8 /* Frameworks */ = {
			isa = PBXFrameworksBuildPhase;
			buildActionMask = 2147483647;
			files = (
				F8A2257A2BA8B1EE00D6D6E8 /* ComposableArchitecture in Frameworks */,
			);
			runOnlyForDeploymentPostprocessing = 0;
		};
		F8A225552BA8B01E00D6D6E8 /* Frameworks */ = {
			isa = PBXFrameworksBuildPhase;
			buildActionMask = 2147483647;
			files = (
			);
			runOnlyForDeploymentPostprocessing = 0;
		};
		F8A2255F2BA8B01E00D6D6E8 /* Frameworks */ = {
			isa = PBXFrameworksBuildPhase;
			buildActionMask = 2147483647;
			files = (
			);
			runOnlyForDeploymentPostprocessing = 0;
		};
/* End PBXFrameworksBuildPhase section */

/* Begin PBXGroup section */
		F8A2253F2BA8B01D00D6D6E8 = {
			isa = PBXGroup;
			children = (
				F8A2254A2BA8B01D00D6D6E8 /* MyNewProject */,
				F8A2255B2BA8B01E00D6D6E8 /* MyNewProjectTests */,
				F8A225652BA8B01E00D6D6E8 /* MyNewProjectUITests */,
				F8A225492BA8B01D00D6D6E8 /* Products */,
			);
			sourceTree = "<group>";
		};
		F8A225492BA8B01D00D6D6E8 /* Products */ = {
			isa = PBXGroup;
			children = (
				F8A225482BA8B01D00D6D6E8 /* MyNewProject.app */,
				F8A225582BA8B01E00D6D6E8 /* MyNewProjectTests.xctest */,
				F8A225622BA8B01E00D6D6E8 /* MyNewProjectUITests.xctest */,
			);
			name = Products;
			sourceTree = "<group>";
		};
		F8A2254A2BA8B01D00D6D6E8 /* MyNewProject */ = {
			isa = PBXGroup;
			children = (
				F8A2254B2BA8B01D00D6D6E8 /* MyNewProjectApp.swift */,
				F8A2254D2BA8B01D00D6D6E8 /* ContentView.swift */,
				F8A2254F2BA8B01E00D6D6E8 /* Assets.xcassets */,
				F8A225512BA8B01E00D6D6E8 /* Preview Content */,
			);
			path = MyNewProject;
			sourceTree = "<group>";
		};
		F8A225512BA8B01E00D6D6E8 /* Preview Content */ = {
			isa = PBXGroup;
			children = (
				F8A225522BA8B01E00D6D6E8 /* Preview Assets.xcassets */,
			);
			path = "Preview Content";
			sourceTree = "<group>";
		};
		F8A2255B2BA8B01E00D6D6E8 /* MyNewProjectTests */ = {
			isa = PBXGroup;
			children = (
				F8A2255C2BA8B01E00D6D6E8 /* MyNewProjectTests.swift */,
			);
			path = MyNewProjectTests;
			sourceTree = "<group>";
		};
		F8A225652BA8B01E00D6D6E8 /* MyNewProjectUITests */ = {
			isa = PBXGroup;
			children = (
				F8A225662BA8B01E00D6D6E8 /* MyNewProjectUITests.swift */,
				F8A225682BA8B01E00D6D6E8 /* MyNewProjectUITestsLaunchTests.swift */,
			);
			path = MyNewProjectUITests;
			sourceTree = "<group>";
		};
/* End PBXGroup section */

/* Begin PBXNativeTarget section */
		F8A225472BA8B01D00D6D6E8 /* MyNewProject */ = {
			isa = PBXNativeTarget;
			buildConfigurationList = F8A2256C2BA8B01E00D6D6E8 /* Build configuration list for PBXNativeTarget "MyNewProject" */;
			buildPhases = (
				F8A225442BA8B01D00D6D6E8 /* Sources */,
				F8A225452BA8B01D00D6D6E8 /* Frameworks */,
				F8A225462BA8B01D00D6D6E8 /* Resources */,
			);
			buildRules = (
			);
			dependencies = (
			);
			name = MyNewProject;
			packageProductDependencies = (
				F8A225792BA8B1EE00D6D6E8 /* ComposableArchitecture */,
			);
			productName = MyNewProject;
			productReference = F8A225482BA8B01D00D6D6E8 /* MyNewProject.app */;
			productType = "com.apple.product-type.application";
		};
		F8A225572BA8B01E00D6D6E8 /* MyNewProjectTests */ = {
			isa = PBXNativeTarget;
			buildConfigurationList = F8A2256F2BA8B01E00D6D6E8 /* Build configuration list for PBXNativeTarget "MyNewProjectTests" */;
			buildPhases = (
				F8A225542BA8B01E00D6D6E8 /* Sources */,
				F8A225552BA8B01E00D6D6E8 /* Frameworks */,
				F8A225562BA8B01E00D6D6E8 /* Resources */,
			);
			buildRules = (
			);
			dependencies = (
				F8A2255A2BA8B01E00D6D6E8 /* PBXTargetDependency */,
			);
			name = MyNewProjectTests;
			productName = MyNewProjectTests;
			productReference = F8A225582BA8B01E00D6D6E8 /* MyNewProjectTests.xctest */;
			productType = "com.apple.product-type.bundle.unit-test";
		};
		F8A225612BA8B01E00D6D6E8 /* MyNewProjectUITests */ = {
			isa = PBXNativeTarget;
			buildConfigurationList = F8A225722BA8B01E00D6D6E8 /* Build configuration list for PBXNativeTarget "MyNewProjectUITests" */;
			buildPhases = (
				F8A2255E2BA8B01E00D6D6E8 /* Sources */,
				F8A2255F2BA8B01E00D6D6E8 /* Frameworks */,
				F8A225602BA8B01E00D6D6E8 /* Resources */,
			);
			buildRules = (
			);
			dependencies = (
				F8A225642BA8B01E00D6D6E8 /* PBXTargetDependency */,
			);
			name = MyNewProjectUITests;
			productName = MyNewProjectUITests;
			productReference = F8A225622BA8B01E00D6D6E8 /* MyNewProjectUITests.xctest */;
			productType = "com.apple.product-type.bundle.ui-testing";
		};
/* End PBXNativeTarget section */

/* Begin PBXProject section */
		F8A225402BA8B01D00D6D6E8 /* Project object */ = {
			isa = PBXProject;
			attributes = {
				BuildIndependentTargetsInParallel = 1;
				LastSwiftUpdateCheck = 1530;
				LastUpgradeCheck = 1530;
				TargetAttributes = {
					F8A225472BA8B01D00D6D6E8 = {
						CreatedOnToolsVersion = 15.3;
					};
					F8A225572BA8B01E00D6D6E8 = {
						CreatedOnToolsVersion = 15.3;
						TestTargetID = F8A225472BA8B01D00D6D6E8;
					};
					F8A225612BA8B01E00D6D6E8 = {
						CreatedOnToolsVersion = 15.3;
						TestTargetID = F8A225472BA8B01D00D6D6E8;
					};
				};
			};
			buildConfigurationList = F8A225432BA8B01D00D6D6E8 /* Build configuration list for PBXProject "MyNewProject" */;
			compatibilityVersion = "Xcode 14.0";
			developmentRegion = en;
			hasScannedForEncodings = 0;
			knownRegions = (
				en,
				Base,
			);
			mainGroup = F8A2253F2BA8B01D00D6D6E8;
			packageReferences = (
				F8A225782BA8B1EE00D6D6E8 /* XCRemoteSwiftPackageReference "swift-composable-architecture" */,
			);
			productRefGroup = F8A225492BA8B01D00D6D6E8 /* Products */;
			projectDirPath = "";
			projectRoot = "";
			targets = (
				F8A225472BA8B01D00D6D6E8 /* MyNewProject */,
				F8A225572BA8B01E00D6D6E8 /* MyNewProjectTests */,
				F8A225612BA8B01E00D6D6E8 /* MyNewProjectUITests */,
			);
		};
/* End PBXProject section */

/* Begin PBXResourcesBuildPhase section */
		F8A225462BA8B01D00D6D6E8 /* Resources */ = {
			isa = PBXResourcesBuildPhase;
			buildActionMask = 2147483647;
			files = (
				F8A225532BA8B01E00D6D6E8 /* Preview Assets.xcassets in Resources */,
				F8A225502BA8B01E00D6D6E8 /* Assets.xcassets in Resources */,
			);
			runOnlyForDeploymentPostprocessing = 0;
		};
		F8A225562BA8B01E00D6D6E8 /* Resources */ = {
			isa = PBXResourcesBuildPhase;
			buildActionMask = 2147483647;
			files = (
			);
			runOnlyForDeploymentPostprocessing = 0;
		};
		F8A225602BA8B01E00D6D6E8 /* Resources */ = {
			isa = PBXResourcesBuildPhase;
			buildActionMask = 2147483647;
			files = (
			);
			runOnlyForDeploymentPostprocessing = 0;
		};
/* End PBXResourcesBuildPhase section */

/* Begin PBXSourcesBuildPhase section */
		F8A225442BA8B01D00D6D6E8 /* Sources */ = {
			isa = PBXSourcesBuildPhase;
			buildActionMask = 2147483647;
			files = (
				F8A2254E2BA8B01D00D6D6E8 /* ContentView.swift in Sources */,
				F8A2254C2BA8B01D00D6D6E8 /* MyNewProjectApp.swift in Sources */,
			);
			runOnlyForDeploymentPostprocessing = 0;
		};
		F8A225542BA8B01E00D6D6E8 /* Sources */ = {
			isa = PBXSourcesBuildPhase;
			buildActionMask = 2147483647;
			files = (
				F8A2255D2BA8B01E00D6D6E8 /* MyNewProjectTests.swift in Sources */,
			);
			runOnlyForDeploymentPostprocessing = 0;
		};
		F8A2255E2BA8B01E00D6D6E8 /* Sources */ = {
			isa = PBXSourcesBuildPhase;
			buildActionMask = 2147483647;
			files = (
				F8A225672BA8B01E00D6D6E8 /* MyNewProjectUITests.swift in Sources */,
				F8A225692BA8B01E00D6D6E8 /* MyNewProjectUITestsLaunchTests.swift in Sources */,
			);
			runOnlyForDeploymentPostprocessing = 0;
		};
/* End PBXSourcesBuildPhase section */

/* Begin PBXTargetDependency section */
		F8A2255A2BA8B01E00D6D6E8 /* PBXTargetDependency */ = {
			isa = PBXTargetDependency;
			target = F8A225472BA8B01D00D6D6E8 /* MyNewProject */;
			targetProxy = F8A225592BA8B01E00D6D6E8 /* PBXContainerItemProxy */;
		};
		F8A225642BA8B01E00D6D6E8 /* PBXTargetDependency */ = {
			isa = PBXTargetDependency;
			target = F8A225472BA8B01D00D6D6E8 /* MyNewProject */;
			targetProxy = F8A225632BA8B01E00D6D6E8 /* PBXContainerItemProxy */;
		};
/* End PBXTargetDependency section */

/* Begin XCBuildConfiguration section */
		F8A2256A2BA8B01E00D6D6E8 /* Debug */ = {
			isa = XCBuildConfiguration;
			buildSettings = {
				ALWAYS_SEARCH_USER_PATHS = NO;
				ASSETCATALOG_COMPILER_GENERATE_SWIFT_ASSET_SYMBOL_EXTENSIONS = YES;
				CLANG_ANALYZER_NONNULL = YES;
				CLANG_ANALYZER_NUMBER_OBJECT_CONVERSION = YES_AGGRESSIVE;
				CLANG_CXX_LANGUAGE_STANDARD = "gnu++20";
				CLANG_ENABLE_MODULES = YES;
				CLANG_ENABLE_OBJC_ARC = YES;
				CLANG_ENABLE_OBJC_WEAK = YES;
				CLANG_WARN_BLOCK_CAPTURE_AUTORELEASING = YES;
				CLANG_WARN_BOOL_CONVERSION = YES;
				CLANG_WARN_COMMA = YES;
				CLANG_WARN_CONSTANT_CONVERSION = YES;
				CLANG_WARN_DEPRECATED_OBJC_IMPLEMENTATIONS = YES;
				CLANG_WARN_DIRECT_OBJC_ISA_USAGE = YES_ERROR;
				CLANG_WARN_DOCUMENTATION_COMMENTS = YES;
				CLANG_WARN_EMPTY_BODY = YES;
				CLANG_WARN_ENUM_CONVERSION = YES;
				CLANG_WARN_INFINITE_RECURSION = YES;
				CLANG_WARN_INT_CONVERSION = YES;
				CLANG_WARN_NON_LITERAL_NULL_CONVERSION = YES;
				CLANG_WARN_OBJC_IMPLICIT_RETAIN_SELF = YES;
				CLANG_WARN_OBJC_LITERAL_CONVERSION = YES;
				CLANG_WARN_OBJC_ROOT_CLASS = YES_ERROR;
				CLANG_WARN_QUOTED_INCLUDE_IN_FRAMEWORK_HEADER = YES;
				CLANG_WARN_RANGE_LOOP_ANALYSIS = YES;
				CLANG_WARN_STRICT_PROTOTYPES = YES;
				CLANG_WARN_SUSPICIOUS_MOVE = YES;
				CLANG_WARN_UNGUARDED_AVAILABILITY = YES_AGGRESSIVE;
				CLANG_WARN_UNREACHABLE_CODE = YES;
				CLANG_WARN__DUPLICATE_METHOD_MATCH = YES;
				COPY_PHASE_STRIP = NO;
				DEBUG_INFORMATION_FORMAT = dwarf;
				ENABLE_STRICT_OBJC_MSGSEND = YES;
				ENABLE_TESTABILITY = YES;
				ENABLE_USER_SCRIPT_SANDBOXING = YES;
				GCC_C_LANGUAGE_STANDARD = gnu17;
				GCC_DYNAMIC_NO_PIC = NO;
				GCC_NO_COMMON_BLOCKS = YES;
				GCC_OPTIMIZATION_LEVEL = 0;
				GCC_PREPROCESSOR_DEFINITIONS = (
					"DEBUG=1",
					"$(inherited)",
				);
				GCC_WARN_64_TO_32_BIT_CONVERSION = YES;
				GCC_WARN_ABOUT_RETURN_TYPE = YES_ERROR;
				GCC_WARN_UNDECLARED_SELECTOR = YES;
				GCC_WARN_UNINITIALIZED_AUTOS = YES_AGGRESSIVE;
				GCC_WARN_UNUSED_FUNCTION = YES;
				GCC_WARN_UNUSED_VARIABLE = YES;
				IPHONEOS_DEPLOYMENT_TARGET = 17.4;
				LOCALIZATION_PREFERS_STRING_CATALOGS = YES;
				MTL_ENABLE_DEBUG_INFO = INCLUDE_SOURCE;
				MTL_FAST_MATH = YES;
				ONLY_ACTIVE_ARCH = YES;
				SDKROOT = iphoneos;
				SWIFT_ACTIVE_COMPILATION_CONDITIONS = "DEBUG $(inherited)";
				SWIFT_OPTIMIZATION_LEVEL = "-Onone";
			};
			name = Debug;
		};
		F8A2256B2BA8B01E00D6D6E8 /* Release */ = {
			isa = XCBuildConfiguration;
			buildSettings = {
				ALWAYS_SEARCH_USER_PATHS = NO;
				ASSETCATALOG_COMPILER_GENERATE_SWIFT_ASSET_SYMBOL_EXTENSIONS = YES;
				CLANG_ANALYZER_NONNULL = YES;
				CLANG_ANALYZER_NUMBER_OBJECT_CONVERSION = YES_AGGRESSIVE;
				CLANG_CXX_LANGUAGE_STANDARD = "gnu++20";
				CLANG_ENABLE_MODULES = YES;
				CLANG_ENABLE_OBJC_ARC = YES;
				CLANG_ENABLE_OBJC_WEAK = YES;
				CLANG_WARN_BLOCK_CAPTURE_AUTORELEASING = YES;
				CLANG_WARN_BOOL_CONVERSION = YES;
				CLANG_WARN_COMMA = YES;
				CLANG_WARN_CONSTANT_CONVERSION = YES;
				CLANG_WARN_DEPRECATED_OBJC_IMPLEMENTATIONS = YES;
				CLANG_WARN_DIRECT_OBJC_ISA_USAGE = YES_ERROR;
				CLANG_WARN_DOCUMENTATION_COMMENTS = YES;
				CLANG_WARN_EMPTY_BODY = YES;
				CLANG_WARN_ENUM_CONVERSION = YES;
				CLANG_WARN_INFINITE_RECURSION = YES;
				CLANG_WARN_INT_CONVERSION = YES;
				CLANG_WARN_NON_LITERAL_NULL_CONVERSION = YES;
				CLANG_WARN_OBJC_IMPLICIT_RETAIN_SELF = YES;
				CLANG_WARN_OBJC_LITERAL_CONVERSION = YES;
				CLANG_WARN_OBJC_ROOT_CLASS = YES_ERROR;
				CLANG_WARN_QUOTED_INCLUDE_IN_FRAMEWORK_HEADER = YES;
				CLANG_WARN_RANGE_LOOP_ANALYSIS = YES;
				CLANG_WARN_STRICT_PROTOTYPES = YES;
				CLANG_WARN_SUSPICIOUS_MOVE = YES;
				CLANG_WARN_UNGUARDED_AVAILABILITY = YES_AGGRESSIVE;
				CLANG_WARN_UNREACHABLE_CODE = YES;
				CLANG_WARN__DUPLICATE_METHOD_MATCH = YES;
				COPY_PHASE_STRIP = NO;
				DEBUG_INFORMATION_FORMAT = "dwarf-with-dsym";
				ENABLE_NS_ASSERTIONS = NO;
				ENABLE_STRICT_OBJC_MSGSEND = YES;
				ENABLE_USER_SCRIPT_SANDBOXING = YES;
				GCC_C_LANGUAGE_STANDARD = gnu17;
				GCC_NO_COMMON_BLOCKS = YES;
				GCC_WARN_64_TO_32_BIT_CONVERSION = YES;
				GCC_WARN_ABOUT_RETURN_TYPE = YES_ERROR;
				GCC_WARN_UNDECLARED_SELECTOR = YES;
				GCC_WARN_UNINITIALIZED_AUTOS = YES_AGGRESSIVE;
				GCC_WARN_UNUSED_FUNCTION = YES;
				GCC_WARN_UNUSED_VARIABLE = YES;
				IPHONEOS_DEPLOYMENT_TARGET = 17.4;
				LOCALIZATION_PREFERS_STRING_CATALOGS = YES;
				MTL_ENABLE_DEBUG_INFO = NO;
				MTL_FAST_MATH = YES;
				SDKROOT = iphoneos;
				SWIFT_COMPILATION_MODE = wholemodule;
				VALIDATE_PRODUCT = YES;
			};
			name = Release;
		};
		F8A2256D2BA8B01E00D6D6E8 /* Debug */ = {
			isa = XCBuildConfiguration;
			buildSettings = {
				ASSETCATALOG_COMPILER_APPICON_NAME = AppIcon;
				ASSETCATALOG_COMPILER_GLOBAL_ACCENT_COLOR_NAME = AccentColor;
				CODE_SIGN_STYLE = Automatic;
				CURRENT_PROJECT_VERSION = 1;
				DEVELOPMENT_ASSET_PATHS = "\"MyNewProject/Preview Content\"";
				ENABLE_PREVIEWS = YES;
				GENERATE_INFOPLIST_FILE = YES;
				INFOPLIST_KEY_UIApplicationSceneManifest_Generation = YES;
				INFOPLIST_KEY_UIApplicationSupportsIndirectInputEvents = YES;
				INFOPLIST_KEY_UILaunchScreen_Generation = YES;
				INFOPLIST_KEY_UISupportedInterfaceOrientations_iPad = "UIInterfaceOrientationPortrait UIInterfaceOrientationPortraitUpsideDown UIInterfaceOrientationLandscapeLeft UIInterfaceOrientationLandscapeRight";
				INFOPLIST_KEY_UISupportedInterfaceOrientations_iPhone = "UIInterfaceOrientationPortrait UIInterfaceOrientationLandscapeLeft UIInterfaceOrientationLandscapeRight";
				LD_RUNPATH_SEARCH_PATHS = (
					"$(inherited)",
					"@executable_path/Frameworks",
				);
				MARKETING_VERSION = 1.0;
				PRODUCT_BUNDLE_IDENTIFIER = marekfort.MyNewProject;
				PRODUCT_NAME = "$(TARGET_NAME)";
				SWIFT_EMIT_LOC_STRINGS = YES;
				SWIFT_VERSION = 5.0;
				TARGETED_DEVICE_FAMILY = "1,2";
			};
			name = Debug;
		};
		F8A2256E2BA8B01E00D6D6E8 /* Release */ = {
			isa = XCBuildConfiguration;
			buildSettings = {
				ASSETCATALOG_COMPILER_APPICON_NAME = AppIcon;
				ASSETCATALOG_COMPILER_GLOBAL_ACCENT_COLOR_NAME = AccentColor;
				CODE_SIGN_STYLE = Automatic;
				CURRENT_PROJECT_VERSION = 1;
				DEVELOPMENT_ASSET_PATHS = "\"MyNewProject/Preview Content\"";
				ENABLE_PREVIEWS = YES;
				GENERATE_INFOPLIST_FILE = YES;
				INFOPLIST_KEY_UIApplicationSceneManifest_Generation = YES;
				INFOPLIST_KEY_UIApplicationSupportsIndirectInputEvents = YES;
				INFOPLIST_KEY_UILaunchScreen_Generation = YES;
				INFOPLIST_KEY_UISupportedInterfaceOrientations_iPad = "UIInterfaceOrientationPortrait UIInterfaceOrientationPortraitUpsideDown UIInterfaceOrientationLandscapeLeft UIInterfaceOrientationLandscapeRight";
				INFOPLIST_KEY_UISupportedInterfaceOrientations_iPhone = "UIInterfaceOrientationPortrait UIInterfaceOrientationLandscapeLeft UIInterfaceOrientationLandscapeRight";
				LD_RUNPATH_SEARCH_PATHS = (
					"$(inherited)",
					"@executable_path/Frameworks",
				);
				MARKETING_VERSION = 1.0;
				PRODUCT_BUNDLE_IDENTIFIER = marekfort.MyNewProject;
				PRODUCT_NAME = "$(TARGET_NAME)";
				SWIFT_EMIT_LOC_STRINGS = YES;
				SWIFT_VERSION = 5.0;
				TARGETED_DEVICE_FAMILY = "1,2";
			};
			name = Release;
		};
		F8A225702BA8B01E00D6D6E8 /* Debug */ = {
			isa = XCBuildConfiguration;
			buildSettings = {
				ALWAYS_EMBED_SWIFT_STANDARD_LIBRARIES = YES;
				BUNDLE_LOADER = "$(TEST_HOST)";
				CODE_SIGN_STYLE = Automatic;
				CURRENT_PROJECT_VERSION = 1;
				GENERATE_INFOPLIST_FILE = YES;
				IPHONEOS_DEPLOYMENT_TARGET = 17.4;
				MARKETING_VERSION = 1.0;
				PRODUCT_BUNDLE_IDENTIFIER = marekfort.MyNewProjectTests;
				PRODUCT_NAME = "$(TARGET_NAME)";
				SWIFT_EMIT_LOC_STRINGS = NO;
				SWIFT_VERSION = 5.0;
				TARGETED_DEVICE_FAMILY = "1,2";
				TEST_HOST = "$(BUILT_PRODUCTS_DIR)/MyNewProject.app/$(BUNDLE_EXECUTABLE_FOLDER_PATH)/MyNewProject";
			};
			name = Debug;
		};
		F8A225712BA8B01E00D6D6E8 /* Release */ = {
			isa = XCBuildConfiguration;
			buildSettings = {
				ALWAYS_EMBED_SWIFT_STANDARD_LIBRARIES = YES;
				BUNDLE_LOADER = "$(TEST_HOST)";
				CODE_SIGN_STYLE = Automatic;
				CURRENT_PROJECT_VERSION = 1;
				GENERATE_INFOPLIST_FILE = YES;
				IPHONEOS_DEPLOYMENT_TARGET = 17.4;
				MARKETING_VERSION = 1.0;
				PRODUCT_BUNDLE_IDENTIFIER = marekfort.MyNewProjectTests;
				PRODUCT_NAME = "$(TARGET_NAME)";
				SWIFT_EMIT_LOC_STRINGS = NO;
				SWIFT_VERSION = 5.0;
				TARGETED_DEVICE_FAMILY = "1,2";
				TEST_HOST = "$(BUILT_PRODUCTS_DIR)/MyNewProject.app/$(BUNDLE_EXECUTABLE_FOLDER_PATH)/MyNewProject";
			};
			name = Release;
		};
		F8A225732BA8B01E00D6D6E8 /* Debug */ = {
			isa = XCBuildConfiguration;
			buildSettings = {
				ALWAYS_EMBED_SWIFT_STANDARD_LIBRARIES = YES;
				CODE_SIGN_STYLE = Automatic;
				CURRENT_PROJECT_VERSION = 1;
				GENERATE_INFOPLIST_FILE = YES;
				MARKETING_VERSION = 1.0;
				PRODUCT_BUNDLE_IDENTIFIER = marekfort.MyNewProjectUITests;
				PRODUCT_NAME = "$(TARGET_NAME)";
				SWIFT_EMIT_LOC_STRINGS = NO;
				SWIFT_VERSION = 5.0;
				TARGETED_DEVICE_FAMILY = "1,2";
				TEST_TARGET_NAME = MyNewProject;
			};
			name = Debug;
		};
		F8A225742BA8B01E00D6D6E8 /* Release */ = {
			isa = XCBuildConfiguration;
			buildSettings = {
				ALWAYS_EMBED_SWIFT_STANDARD_LIBRARIES = YES;
				CODE_SIGN_STYLE = Automatic;
				CURRENT_PROJECT_VERSION = 1;
				GENERATE_INFOPLIST_FILE = YES;
				MARKETING_VERSION = 1.0;
				PRODUCT_BUNDLE_IDENTIFIER = marekfort.MyNewProjectUITests;
				PRODUCT_NAME = "$(TARGET_NAME)";
				SWIFT_EMIT_LOC_STRINGS = NO;
				SWIFT_VERSION = 5.0;
				TARGETED_DEVICE_FAMILY = "1,2";
				TEST_TARGET_NAME = MyNewProject;
			};
			name = Release;
		};
/* End XCBuildConfiguration section */

/* Begin XCConfigurationList section */
		F8A225432BA8B01D00D6D6E8 /* Build configuration list for PBXProject "MyNewProject" */ = {
			isa = XCConfigurationList;
			buildConfigurations = (
				F8A2256A2BA8B01E00D6D6E8 /* Debug */,
				F8A2256B2BA8B01E00D6D6E8 /* Release */,
			);
			defaultConfigurationIsVisible = 0;
			defaultConfigurationName = Release;
		};
		F8A2256C2BA8B01E00D6D6E8 /* Build configuration list for PBXNativeTarget "MyNewProject" */ = {
			isa = XCConfigurationList;
			buildConfigurations = (
				F8A2256D2BA8B01E00D6D6E8 /* Debug */,
				F8A2256E2BA8B01E00D6D6E8 /* Release */,
			);
			defaultConfigurationIsVisible = 0;
			defaultConfigurationName = Release;
		};
		F8A2256F2BA8B01E00D6D6E8 /* Build configuration list for PBXNativeTarget "MyNewProjectTests" */ = {
			isa = XCConfigurationList;
			buildConfigurations = (
				F8A225702BA8B01E00D6D6E8 /* Debug */,
				F8A225712BA8B01E00D6D6E8 /* Release */,
			);
			defaultConfigurationIsVisible = 0;
			defaultConfigurationName = Release;
		};
		F8A225722BA8B01E00D6D6E8 /* Build configuration list for PBXNativeTarget "MyNewProjectUITests" */ = {
			isa = XCConfigurationList;
			buildConfigurations = (
				F8A225732BA8B01E00D6D6E8 /* Debug */,
				F8A225742BA8B01E00D6D6E8 /* Release */,
			);
			defaultConfigurationIsVisible = 0;
			defaultConfigurationName = Release;
		};
/* End XCConfigurationList section */

/* Begin XCRemoteSwiftPackageReference section */
		F8A225782BA8B1EE00D6D6E8 /* XCRemoteSwiftPackageReference "swift-composable-architecture" */ = {
			isa = XCRemoteSwiftPackageReference;
			repositoryURL = "https://github.com/pointfreeco/swift-composable-architecture";
			requirement = {
				kind = upToNextMajorVersion;
				minimumVersion = 1.9.2;
			};
		};
/* End XCRemoteSwiftPackageReference section */

/* Begin XCSwiftPackageProductDependency section */
		F8A225792BA8B1EE00D6D6E8 /* ComposableArchitecture */ = {
			isa = XCSwiftPackageProductDependency;
			package = F8A225782BA8B1EE00D6D6E8 /* XCRemoteSwiftPackageReference "swift-composable-architecture" */;
			productName = ComposableArchitecture;
		};
/* End XCSwiftPackageProductDependency section */
	};
	rootObject = F8A225402BA8B01D00D6D6E8 /* Project object */;
}
