// !$*UTF8*$!
{
	archiveVersion = 1;
	classes = {
	};
	objectVersion = 55;
	objects = {

/* Begin PBXBuildFile section */
		1EDABDE366D07AC046A7C01B /* MediaUIAttachmentImageView.swift in Sources */ = {isa = PBXBuildFile; fileRef = 39A531B0A103E9F6438EDED0 /* MediaUIAttachmentImageView.swift */; };
		27FBE16CC375FBCB17402D6A /* DisplayType.swift in Sources */ = {isa = PBXBuildFile; fileRef = 09E76590803764C973634B8C /* DisplayType.swift */; };
		503DA41163784BF59A673705 /* ShareToolbarItem.swift in Sources */ = {isa = PBXBuildFile; fileRef = 54B7B8DB878EE08E69F2C32E /* ShareToolbarItem.swift */; };
		7241A088D82AA3BB7766F18F /* MediaUITransferableImage.swift in Sources */ = {isa = PBXBuildFile; fileRef = 7AACC5E4639A4A847E84C19B /* MediaUITransferableImage.swift */; };
		7858C2E35F1772E554CDF33F /* Models.framework in Dependencies */ = {isa = PBXBuildFile; fileRef = 8E9D76CA6CB075936AB7F412 /* Models.framework */; };
		919FB626F71F72E2E9B379D4 /* DesignSystem.framework in Dependencies */ = {isa = PBXBuildFile; fileRef = 1A3095A856D71B03714D5F73 /* DesignSystem.framework */; };
		9996241BADD8847AB802E11C /* MediaUIAttachmentVideoView.swift in Sources */ = {isa = PBXBuildFile; fileRef = 1E1883BF9B3B0CE5F23CA6F1 /* MediaUIAttachmentVideoView.swift */; };
		B6BF64D7B60D7279EAE151B7 /* MediaUIZoomableContainer.swift in Sources */ = {isa = PBXBuildFile; fileRef = 66E9C6B109B3F8C714300476 /* MediaUIZoomableContainer.swift */; };
		E7AD6E6712D93317BB25712C /* MediaUIView.swift in Sources */ = {isa = PBXBuildFile; fileRef = 2C75EB381BE0580E330FFA11 /* MediaUIView.swift */; };
		F22C6CE284EF36A2690799D7 /* QuickLookToolbarItem.swift in Sources */ = {isa = PBXBuildFile; fileRef = 654AA10FF05E786737631B87 /* QuickLookToolbarItem.swift */; };
/* End PBXBuildFile section */

/* Begin PBXCopyFilesBuildPhase section */
		BA5370F2BC9873E61A118612 /* Dependencies */ = {
			isa = PBXCopyFilesBuildPhase;
			buildActionMask = 8;
			dstSubfolderSpec = 16;
			files = (
				919FB626F71F72E2E9B379D4 /* DesignSystem.framework in Dependencies */,
				7858C2E35F1772E554CDF33F /* Models.framework in Dependencies */,
			);
			name = Dependencies;
			runOnlyForDeploymentPostprocessing = 1;
		};
		FCFD4C498EA89A76A35B2D63 /* Embed Frameworks */ = {
			isa = PBXCopyFilesBuildPhase;
			buildActionMask = 2147483647;
			dstPath = "";
			dstSubfolderSpec = 10;
			files = (
			);
			name = "Embed Frameworks";
			runOnlyForDeploymentPostprocessing = 0;
		};
/* End PBXCopyFilesBuildPhase section */

/* Begin PBXFileReference section */
		09E76590803764C973634B8C /* DisplayType.swift */ = {isa = PBXFileReference; lastKnownFileType = sourcecode.swift; path = DisplayType.swift; sourceTree = "<group>"; };
		1A3095A856D71B03714D5F73 /* DesignSystem.framework */ = {isa = PBXFileReference; explicitFileType = wrapper.framework; includeInIndex = 0; path = DesignSystem.framework; sourceTree = BUILT_PRODUCTS_DIR; };
		1E1883BF9B3B0CE5F23CA6F1 /* MediaUIAttachmentVideoView.swift */ = {isa = PBXFileReference; lastKnownFileType = sourcecode.swift; path = MediaUIAttachmentVideoView.swift; sourceTree = "<group>"; };
		2C75EB381BE0580E330FFA11 /* MediaUIView.swift */ = {isa = PBXFileReference; lastKnownFileType = sourcecode.swift; path = MediaUIView.swift; sourceTree = "<group>"; };
		39A531B0A103E9F6438EDED0 /* MediaUIAttachmentImageView.swift */ = {isa = PBXFileReference; lastKnownFileType = sourcecode.swift; path = MediaUIAttachmentImageView.swift; sourceTree = "<group>"; };
		54B7B8DB878EE08E69F2C32E /* ShareToolbarItem.swift */ = {isa = PBXFileReference; lastKnownFileType = sourcecode.swift; path = ShareToolbarItem.swift; sourceTree = "<group>"; };
		62BD2BA69620D6467A519798 /* MediaUI.framework */ = {isa = PBXFileReference; explicitFileType = wrapper.framework; includeInIndex = 0; path = MediaUI.framework; sourceTree = BUILT_PRODUCTS_DIR; };
		654AA10FF05E786737631B87 /* QuickLookToolbarItem.swift */ = {isa = PBXFileReference; lastKnownFileType = sourcecode.swift; path = QuickLookToolbarItem.swift; sourceTree = "<group>"; };
		66E9C6B109B3F8C714300476 /* MediaUIZoomableContainer.swift */ = {isa = PBXFileReference; lastKnownFileType = sourcecode.swift; path = MediaUIZoomableContainer.swift; sourceTree = "<group>"; };
		7AACC5E4639A4A847E84C19B /* MediaUITransferableImage.swift */ = {isa = PBXFileReference; lastKnownFileType = sourcecode.swift; path = MediaUITransferableImage.swift; sourceTree = "<group>"; };
		8E9D76CA6CB075936AB7F412 /* Models.framework */ = {isa = PBXFileReference; explicitFileType = wrapper.framework; includeInIndex = 0; path = Models.framework; sourceTree = BUILT_PRODUCTS_DIR; };
		F7C07A9143BB15A3824BD810 /* MediaUI-Info.plist */ = {isa = PBXFileReference; lastKnownFileType = text.plist; path = "MediaUI-Info.plist"; sourceTree = "<group>"; };
/* End PBXFileReference section */

/* Begin PBXFrameworksBuildPhase section */
		1E3B3A4BA9310BC04B9521AE /* Frameworks */ = {
			isa = PBXFrameworksBuildPhase;
			buildActionMask = 2147483647;
			files = (
			);
			runOnlyForDeploymentPostprocessing = 0;
		};
/* End PBXFrameworksBuildPhase section */

/* Begin PBXGroup section */
		00ADE183461B6B3A415331D0 /* Sources */ = {
			isa = PBXGroup;
			children = (
				6FA5AC1A2FFA34EF324BF186 /* MediaUI */,
			);
			path = Sources;
			sourceTree = "<group>";
		};
		186A51A855B6FFA2A3D5B6C4 /* Project */ = {
			isa = PBXGroup;
			children = (
				389D4D59A2ED5033F199A5A9 /* Derived */,
				00ADE183461B6B3A415331D0 /* Sources */,
			);
			name = Project;
			sourceTree = "<group>";
		};
		389D4D59A2ED5033F199A5A9 /* Derived */ = {
			isa = PBXGroup;
			children = (
				F86E380116318B3B5E7CCF48 /* InfoPlists */,
			);
			path = Derived;
			sourceTree = "<group>";
		};
		5694E49C66E30FC37AD039E8 /* Frameworks */ = {
			isa = PBXGroup;
			children = (
			);
			name = Frameworks;
			sourceTree = "<group>";
		};
		67B26B679A5A4FB0C4D90EA6 = {
			isa = PBXGroup;
			children = (
				186A51A855B6FFA2A3D5B6C4 /* Project */,
				5694E49C66E30FC37AD039E8 /* Frameworks */,
				7BB14FBD8A75474651F2AA6C /* Cache */,
				B1DC3E852B66AA6F40CE9BDD /* Products */,
			);
			sourceTree = "<group>";
		};
		6FA5AC1A2FFA34EF324BF186 /* MediaUI */ = {
			isa = PBXGroup;
			children = (
				09E76590803764C973634B8C /* DisplayType.swift */,
				39A531B0A103E9F6438EDED0 /* MediaUIAttachmentImageView.swift */,
				1E1883BF9B3B0CE5F23CA6F1 /* MediaUIAttachmentVideoView.swift */,
				7AACC5E4639A4A847E84C19B /* MediaUITransferableImage.swift */,
				2C75EB381BE0580E330FFA11 /* MediaUIView.swift */,
				66E9C6B109B3F8C714300476 /* MediaUIZoomableContainer.swift */,
				654AA10FF05E786737631B87 /* QuickLookToolbarItem.swift */,
				54B7B8DB878EE08E69F2C32E /* ShareToolbarItem.swift */,
			);
			path = MediaUI;
			sourceTree = "<group>";
		};
		7BB14FBD8A75474651F2AA6C /* Cache */ = {
			isa = PBXGroup;
			children = (
			);
			name = Cache;
			sourceTree = "<group>";
		};
		B1DC3E852B66AA6F40CE9BDD /* Products */ = {
			isa = PBXGroup;
			children = (
				1A3095A856D71B03714D5F73 /* DesignSystem.framework */,
				62BD2BA69620D6467A519798 /* MediaUI.framework */,
				8E9D76CA6CB075936AB7F412 /* Models.framework */,
			);
			name = Products;
			sourceTree = "<group>";
		};
		F86E380116318B3B5E7CCF48 /* InfoPlists */ = {
			isa = PBXGroup;
			children = (
				F7C07A9143BB15A3824BD810 /* MediaUI-Info.plist */,
			);
			path = InfoPlists;
			sourceTree = "<group>";
		};
/* End PBXGroup section */

/* Begin PBXNativeTarget section */
		5019C0C4AEEC621D498B465E /* MediaUI */ = {
			isa = PBXNativeTarget;
			buildConfigurationList = 339E02DE7CEDF7FE52EFCBA6 /* Build configuration list for PBXNativeTarget "MediaUI" */;
			buildPhases = (
				E241F8A2BB2148FB11CCB4BA /* Sources */,
				662CCFC1721BA5F2B9A813B0 /* Resources */,
				FCFD4C498EA89A76A35B2D63 /* Embed Frameworks */,
				1E3B3A4BA9310BC04B9521AE /* Frameworks */,
				BA5370F2BC9873E61A118612 /* Dependencies */,
			);
			buildRules = (
			);
			dependencies = (
			);
			name = MediaUI;
			productName = MediaUI;
			productReference = 62BD2BA69620D6467A519798 /* MediaUI.framework */;
			productType = "com.apple.product-type.framework";
		};
/* End PBXNativeTarget section */

/* Begin PBXProject section */
		18ED7CBA6501450C3CA09A85 /* Project object */ = {
			isa = PBXProject;
			attributes = {
				BuildIndependentTargetsInParallel = YES;
				LastUpgradeCheck = 9999;
				TargetAttributes = {
				};
			};
			buildConfigurationList = 216E17D526884A7710C82151 /* Build configuration list for PBXProject "MediaUI" */;
			compatibilityVersion = "Xcode 14.0";
			developmentRegion = en;
			hasScannedForEncodings = 0;
			knownRegions = (
				Base,
				en,
			);
			mainGroup = 67B26B679A5A4FB0C4D90EA6;
			productRefGroup = B1DC3E852B66AA6F40CE9BDD /* Products */;
			projectDirPath = "";
			projectRoot = "";
			targets = (
				5019C0C4AEEC621D498B465E /* MediaUI */,
			);
		};
/* End PBXProject section */

/* Begin PBXResourcesBuildPhase section */
		662CCFC1721BA5F2B9A813B0 /* Resources */ = {
			isa = PBXResourcesBuildPhase;
			buildActionMask = 2147483647;
			files = (
			);
			runOnlyForDeploymentPostprocessing = 0;
		};
/* End PBXResourcesBuildPhase section */

/* Begin PBXSourcesBuildPhase section */
		E241F8A2BB2148FB11CCB4BA /* Sources */ = {
			isa = PBXSourcesBuildPhase;
			buildActionMask = 2147483647;
			files = (
				27FBE16CC375FBCB17402D6A /* DisplayType.swift in Sources */,
				1EDABDE366D07AC046A7C01B /* MediaUIAttachmentImageView.swift in Sources */,
				9996241BADD8847AB802E11C /* MediaUIAttachmentVideoView.swift in Sources */,
				7241A088D82AA3BB7766F18F /* MediaUITransferableImage.swift in Sources */,
				E7AD6E6712D93317BB25712C /* MediaUIView.swift in Sources */,
				B6BF64D7B60D7279EAE151B7 /* MediaUIZoomableContainer.swift in Sources */,
				F22C6CE284EF36A2690799D7 /* QuickLookToolbarItem.swift in Sources */,
				503DA41163784BF59A673705 /* ShareToolbarItem.swift in Sources */,
			);
			runOnlyForDeploymentPostprocessing = 0;
		};
/* End PBXSourcesBuildPhase section */

/* Begin XCBuildConfiguration section */
		09779A91C55F1580799C707C /* Release */ = {
			isa = XCBuildConfiguration;
			buildSettings = {
				ALWAYS_SEARCH_USER_PATHS = YES;
				CLANG_ENABLE_OBJC_WEAK = NO;
				CLANG_WARN_QUOTED_INCLUDE_IN_FRAMEWORK_HEADER = NO;
				CODE_SIGN_IDENTITY = "";
				CURRENT_PROJECT_VERSION = 1;
				DEFINES_MODULE = YES;
				DERIVE_MACCATALYST_PRODUCT_BUNDLE_IDENTIFIER = YES;
				DYLIB_COMPATIBILITY_VERSION = 1;
				DYLIB_CURRENT_VERSION = 1;
				DYLIB_INSTALL_NAME_BASE = "@rpath";
				ENABLE_STRICT_OBJC_MSGSEND = NO;
				FRAMEWORK_SEARCH_PATHS = (
					"$(inherited)",
					"$(PLATFORM_DIR)/Developer/Library/Frameworks",
				);
				GCC_NO_COMMON_BLOCKS = NO;
				GCC_PREPROCESSOR_DEFINITIONS = (
					"$(inherited)",
					"SWIFT_PACKAGE=1",
				);
				GCC_WARN_INHIBIT_ALL_WARNINGS = YES;
				HEADER_SEARCH_PATHS = (
					"$(inherited)",
					"$(inherited)",
					"/Users/marekfort/Developer/decks/decks/03.25-spm-at-scale/IceCubesAppTuist/Tuist/.build/checkouts/swift-cmark/extensions/include",
					"/Users/marekfort/Developer/decks/decks/03.25-spm-at-scale/IceCubesAppTuist/Tuist/.build/checkouts/swift-cmark/src/include",
					"/Users/marekfort/Developer/decks/decks/03.25-spm-at-scale/IceCubesAppTuist/Tuist/.build/checkouts/swift-markdown/Sources/CAtomic/include",
				);
				INFOPLIST_FILE = "Derived/InfoPlists/MediaUI-Info.plist";
				INSTALL_PATH = "$(LOCAL_LIBRARY_DIR)/Frameworks";
				IPHONEOS_DEPLOYMENT_TARGET = 17.0;
				LD_RUNPATH_SEARCH_PATHS = (
					"$(inherited)",
					"@executable_path/Frameworks",
					"@loader_path/Frameworks",
				);
				MACH_O_TYPE = staticlib;
				OTHER_CFLAGS = (
					"$(inherited)",
					"-fmodule-map-file=$(SRCROOT)/../../Tuist/.build/checkouts/swift-cmark/src/include/module.modulemap",
					"-fmodule-map-file=$(SRCROOT)/../../Tuist/.build/tuist-derived/CAtomic/CAtomic.modulemap",
					"-fmodule-map-file=$(SRCROOT)/../../Tuist/.build/tuist-derived/cmark-gfm-extensions/cmark-gfm-extensions.modulemap",
				);
				OTHER_LDFLAGS = (
					"$(inherited)",
					"-ObjC",
				);
				OTHER_SWIFT_FLAGS = (
					"$(inherited)",
					"-enable-experimental-feature StrictConcurrency",
					"-Xcc",
					"-fmodule-map-file=$(SRCROOT)/../../Tuist/.build/checkouts/swift-cmark/src/include/module.modulemap",
					"-Xcc",
					"-fmodule-map-file=$(SRCROOT)/../../Tuist/.build/tuist-derived/CAtomic/CAtomic.modulemap",
					"-Xcc",
					"-fmodule-map-file=$(SRCROOT)/../../Tuist/.build/tuist-derived/cmark-gfm-extensions/cmark-gfm-extensions.modulemap",
				);
				PRODUCT_BUNDLE_IDENTIFIER = MediaUI;
				PRODUCT_NAME = MediaUI;
				SDKROOT = iphoneos;
				SKIP_INSTALL = YES;
				SUPPORTS_MACCATALYST = YES;
				SUPPORTS_MAC_DESIGNED_FOR_IPHONE_IPAD = YES;
				SUPPORTS_XR_DESIGNED_FOR_IPHONE_IPAD = YES;
				SWIFT_ACTIVE_COMPILATION_CONDITIONS = "$(inherited) SWIFT_PACKAGE";
				SWIFT_COMPILATION_MODE = wholemodule;
				SWIFT_OPTIMIZATION_LEVEL = "-Owholemodule";
				SWIFT_SUPPRESS_WARNINGS = YES;
				SWIFT_VERSION = 5.0;
				TARGETED_DEVICE_FAMILY = "1,2";
				USE_HEADERMAP = NO;
				VERSIONING_SYSTEM = "apple-generic";
				VERSION_INFO_PREFIX = "";
			};
			name = Release;
		};
		4E2F1E4D4B530B37BFECC331 /* Debug */ = {
			isa = XCBuildConfiguration;
			buildSettings = {
				ALWAYS_SEARCH_USER_PATHS = YES;
				CLANG_ENABLE_OBJC_WEAK = NO;
				CLANG_WARN_QUOTED_INCLUDE_IN_FRAMEWORK_HEADER = NO;
				CODE_SIGN_IDENTITY = "";
				CURRENT_PROJECT_VERSION = 1;
				DEFINES_MODULE = YES;
				DERIVE_MACCATALYST_PRODUCT_BUNDLE_IDENTIFIER = YES;
				DYLIB_COMPATIBILITY_VERSION = 1;
				DYLIB_CURRENT_VERSION = 1;
				DYLIB_INSTALL_NAME_BASE = "@rpath";
				ENABLE_STRICT_OBJC_MSGSEND = NO;
				FRAMEWORK_SEARCH_PATHS = (
					"$(inherited)",
					"$(PLATFORM_DIR)/Developer/Library/Frameworks",
				);
				GCC_NO_COMMON_BLOCKS = NO;
				GCC_PREPROCESSOR_DEFINITIONS = (
					"$(inherited)",
					"SWIFT_PACKAGE=1",
				);
				GCC_WARN_INHIBIT_ALL_WARNINGS = YES;
				HEADER_SEARCH_PATHS = (
					"$(inherited)",
					"$(inherited)",
					"/Users/marekfort/Developer/decks/decks/03.25-spm-at-scale/IceCubesAppTuist/Tuist/.build/checkouts/swift-cmark/extensions/include",
					"/Users/marekfort/Developer/decks/decks/03.25-spm-at-scale/IceCubesAppTuist/Tuist/.build/checkouts/swift-cmark/src/include",
					"/Users/marekfort/Developer/decks/decks/03.25-spm-at-scale/IceCubesAppTuist/Tuist/.build/checkouts/swift-markdown/Sources/CAtomic/include",
				);
				INFOPLIST_FILE = "Derived/InfoPlists/MediaUI-Info.plist";
				INSTALL_PATH = "$(LOCAL_LIBRARY_DIR)/Frameworks";
				IPHONEOS_DEPLOYMENT_TARGET = 17.0;
				LD_RUNPATH_SEARCH_PATHS = (
					"$(inherited)",
					"@executable_path/Frameworks",
					"@loader_path/Frameworks",
				);
				MACH_O_TYPE = staticlib;
				OTHER_CFLAGS = (
					"$(inherited)",
					"-fmodule-map-file=$(SRCROOT)/../../Tuist/.build/checkouts/swift-cmark/src/include/module.modulemap",
					"-fmodule-map-file=$(SRCROOT)/../../Tuist/.build/tuist-derived/CAtomic/CAtomic.modulemap",
					"-fmodule-map-file=$(SRCROOT)/../../Tuist/.build/tuist-derived/cmark-gfm-extensions/cmark-gfm-extensions.modulemap",
				);
				OTHER_LDFLAGS = (
					"$(inherited)",
					"-ObjC",
				);
				OTHER_SWIFT_FLAGS = (
					"$(inherited)",
					"-enable-experimental-feature StrictConcurrency",
					"-Xcc",
					"-fmodule-map-file=$(SRCROOT)/../../Tuist/.build/checkouts/swift-cmark/src/include/module.modulemap",
					"-Xcc",
					"-fmodule-map-file=$(SRCROOT)/../../Tuist/.build/tuist-derived/CAtomic/CAtomic.modulemap",
					"-Xcc",
					"-fmodule-map-file=$(SRCROOT)/../../Tuist/.build/tuist-derived/cmark-gfm-extensions/cmark-gfm-extensions.modulemap",
				);
				PRODUCT_BUNDLE_IDENTIFIER = MediaUI;
				PRODUCT_NAME = MediaUI;
				SDKROOT = iphoneos;
				SKIP_INSTALL = YES;
				SUPPORTS_MACCATALYST = YES;
				SUPPORTS_MAC_DESIGNED_FOR_IPHONE_IPAD = YES;
				SUPPORTS_XR_DESIGNED_FOR_IPHONE_IPAD = YES;
				SWIFT_ACTIVE_COMPILATION_CONDITIONS = (
					"$(inherited) SWIFT_PACKAGE",
					DEBUG,
				);
				SWIFT_COMPILATION_MODE = singlefile;
				SWIFT_OPTIMIZATION_LEVEL = "-Onone";
				SWIFT_SUPPRESS_WARNINGS = YES;
				SWIFT_VERSION = 5.0;
				TARGETED_DEVICE_FAMILY = "1,2";
				USE_HEADERMAP = NO;
				VERSIONING_SYSTEM = "apple-generic";
				VERSION_INFO_PREFIX = "";
			};
			name = Debug;
		};
		F40895D1FF8D3EC9F3E9E849 /* Release */ = {
			isa = XCBuildConfiguration;
			buildSettings = {
				ALWAYS_SEARCH_USER_PATHS = NO;
				CLANG_ANALYZER_LOCALIZABILITY_NONLOCALIZED = YES;
				CLANG_ANALYZER_NONNULL = YES;
				CLANG_ANALYZER_NUMBER_OBJECT_CONVERSION = YES_AGGRESSIVE;
				CLANG_CXX_LANGUAGE_STANDARD = "gnu++14";
				CLANG_CXX_LIBRARY = "libc++";
				CLANG_ENABLE_MODULES = YES;
				CLANG_ENABLE_OBJC_ARC = YES;
				CLANG_ENABLE_OBJC_WEAK = YES;
				CLANG_WARN_BLOCK_CAPTURE_AUTORELEASING = YES;
				CLANG_WARN_BOOL_CONVERSION = YES;
				CLANG_WARN_COMMA = YES;
				CLANG_WARN_CONSTANT_CONVERSION = YES;
				CLANG_WARN_DEPRECATED_OBJC_IMPLEMENTATIONS = YES;
				CLANG_WARN_DIRECT_OBJC_ISA_USAGE = YES_ERROR;
				CLANG_WARN_DOCUMENTATION_COMMENTS = YES;
				CLANG_WARN_EMPTY_BODY = YES;
				CLANG_WARN_ENUM_CONVERSION = YES;
				CLANG_WARN_INFINITE_RECURSION = YES;
				CLANG_WARN_INT_CONVERSION = YES;
				CLANG_WARN_NON_LITERAL_NULL_CONVERSION = YES;
				CLANG_WARN_OBJC_IMPLICIT_RETAIN_SELF = YES;
				CLANG_WARN_OBJC_LITERAL_CONVERSION = YES;
				CLANG_WARN_OBJC_ROOT_CLASS = YES_ERROR;
				CLANG_WARN_QUOTED_INCLUDE_IN_FRAMEWORK_HEADER = YES;
				CLANG_WARN_RANGE_LOOP_ANALYSIS = YES;
				CLANG_WARN_STRICT_PROTOTYPES = YES;
				CLANG_WARN_SUSPICIOUS_MOVE = YES;
				CLANG_WARN_UNGUARDED_AVAILABILITY = YES_AGGRESSIVE;
				CLANG_WARN_UNREACHABLE_CODE = YES;
				CLANG_WARN__DUPLICATE_METHOD_MATCH = YES;
				COPY_PHASE_STRIP = NO;
				DEAD_CODE_STRIPPING = YES;
				DEBUG_INFORMATION_FORMAT = "dwarf-with-dsym";
				ENABLE_NS_ASSERTIONS = NO;
				ENABLE_STRICT_OBJC_MSGSEND = YES;
				GCC_C_LANGUAGE_STANDARD = gnu11;
				GCC_NO_COMMON_BLOCKS = YES;
				GCC_WARN_64_TO_32_BIT_CONVERSION = YES;
				GCC_WARN_ABOUT_RETURN_TYPE = YES_ERROR;
				GCC_WARN_UNDECLARED_SELECTOR = YES;
				GCC_WARN_UNINITIALIZED_AUTOS = YES_AGGRESSIVE;
				GCC_WARN_UNUSED_FUNCTION = YES;
				GCC_WARN_UNUSED_VARIABLE = YES;
				MTL_ENABLE_DEBUG_INFO = NO;
				PRODUCT_NAME = "$(TARGET_NAME)";
				VALIDATE_PRODUCT = YES;
			};
			name = Release;
		};
		F8094A8A4765521930E47284 /* Debug */ = {
			isa = XCBuildConfiguration;
			buildSettings = {
				ALWAYS_SEARCH_USER_PATHS = NO;
				CLANG_ANALYZER_LOCALIZABILITY_NONLOCALIZED = YES;
				CLANG_ANALYZER_NONNULL = YES;
				CLANG_ANALYZER_NUMBER_OBJECT_CONVERSION = YES_AGGRESSIVE;
				CLANG_CXX_LANGUAGE_STANDARD = "gnu++14";
				CLANG_CXX_LIBRARY = "libc++";
				CLANG_ENABLE_MODULES = YES;
				CLANG_ENABLE_OBJC_ARC = YES;
				CLANG_ENABLE_OBJC_WEAK = YES;
				CLANG_WARN_BLOCK_CAPTURE_AUTORELEASING = YES;
				CLANG_WARN_BOOL_CONVERSION = YES;
				CLANG_WARN_COMMA = YES;
				CLANG_WARN_CONSTANT_CONVERSION = YES;
				CLANG_WARN_DEPRECATED_OBJC_IMPLEMENTATIONS = YES;
				CLANG_WARN_DIRECT_OBJC_ISA_USAGE = YES_ERROR;
				CLANG_WARN_DOCUMENTATION_COMMENTS = YES;
				CLANG_WARN_EMPTY_BODY = YES;
				CLANG_WARN_ENUM_CONVERSION = YES;
				CLANG_WARN_INFINITE_RECURSION = YES;
				CLANG_WARN_INT_CONVERSION = YES;
				CLANG_WARN_NON_LITERAL_NULL_CONVERSION = YES;
				CLANG_WARN_OBJC_IMPLICIT_RETAIN_SELF = YES;
				CLANG_WARN_OBJC_LITERAL_CONVERSION = YES;
				CLANG_WARN_OBJC_ROOT_CLASS = YES_ERROR;
				CLANG_WARN_QUOTED_INCLUDE_IN_FRAMEWORK_HEADER = YES;
				CLANG_WARN_RANGE_LOOP_ANALYSIS = YES;
				CLANG_WARN_STRICT_PROTOTYPES = YES;
				CLANG_WARN_SUSPICIOUS_MOVE = YES;
				CLANG_WARN_UNGUARDED_AVAILABILITY = YES_AGGRESSIVE;
				CLANG_WARN_UNREACHABLE_CODE = YES;
				CLANG_WARN__DUPLICATE_METHOD_MATCH = YES;
				COPY_PHASE_STRIP = NO;
				DEAD_CODE_STRIPPING = YES;
				DEBUG_INFORMATION_FORMAT = dwarf;
				ENABLE_STRICT_OBJC_MSGSEND = YES;
				ENABLE_TESTABILITY = YES;
				GCC_C_LANGUAGE_STANDARD = gnu11;
				GCC_DYNAMIC_NO_PIC = NO;
				GCC_NO_COMMON_BLOCKS = YES;
				GCC_OPTIMIZATION_LEVEL = 0;
				GCC_PREPROCESSOR_DEFINITIONS = (
					"DEBUG=1",
					"$(inherited)",
				);
				GCC_WARN_64_TO_32_BIT_CONVERSION = YES;
				GCC_WARN_ABOUT_RETURN_TYPE = YES_ERROR;
				GCC_WARN_UNDECLARED_SELECTOR = YES;
				GCC_WARN_UNINITIALIZED_AUTOS = YES_AGGRESSIVE;
				GCC_WARN_UNUSED_FUNCTION = YES;
				GCC_WARN_UNUSED_VARIABLE = YES;
				MTL_ENABLE_DEBUG_INFO = YES;
				ONLY_ACTIVE_ARCH = YES;
				PRODUCT_NAME = "$(TARGET_NAME)";
			};
			name = Debug;
		};
/* End XCBuildConfiguration section */

/* Begin XCConfigurationList section */
		216E17D526884A7710C82151 /* Build configuration list for PBXProject "MediaUI" */ = {
			isa = XCConfigurationList;
			buildConfigurations = (
				F8094A8A4765521930E47284 /* Debug */,
				F40895D1FF8D3EC9F3E9E849 /* Release */,
			);
			defaultConfigurationIsVisible = 0;
			defaultConfigurationName = Release;
		};
		339E02DE7CEDF7FE52EFCBA6 /* Build configuration list for PBXNativeTarget "MediaUI" */ = {
			isa = XCConfigurationList;
			buildConfigurations = (
				4E2F1E4D4B530B37BFECC331 /* Debug */,
				09779A91C55F1580799C707C /* Release */,
			);
			defaultConfigurationIsVisible = 0;
			defaultConfigurationName = Release;
		};
/* End XCConfigurationList section */
	};
	rootObject = 18ED7CBA6501450C3CA09A85 /* Project object */;
}
